Microsoft Visual Studio Solution File, Format Version 11.00
# Visual Studio 2010
Project("{8BC9CEB8-8B4A-11D0-8D11-00A0C91BC942}") = "TestStore", "D:/Private/Masters/DarkKnight/DataStores/TestStore\TestStore.vcxproj", "{EDF6FC81-C940-3D32-9E17-608421EBA4F3}"
EndProject
Project("{8BC9CEB8-8B4A-11D0-8D11-00A0C91BC942}") = "FilesystemPlugin", "D:/Private/Masters/DarkKnight/DataStores/FilesystemStore\FilesystemPlugin.vcxproj", "{9BC91F71-481D-31FB-980B-06839AC7D171}"
EndProject
Global
	GlobalSection(SolutionConfiguration) = preSolution
		ConfigName.0 = Debug|Win32
		ConfigName.1 = Release|Win32
	EndGlobalSection
	GlobalSection(ProjectDependencies) = postSolution
	EndGlobalSection
	GlobalSection(ProjectConfiguration) = postSolution
		{EDF6FC81-C940-3D32-9E17-608421EBA4F3}.Debug|Win32.ActiveCfg = Debug|Win32
		{EDF6FC81-C940-3D32-9E17-608421EBA4F3}.Debug|Win32.Build.0 = Debug|Win32
		{EDF6FC81-C940-3D32-9E17-608421EBA4F3}.Release|Win32.ActiveCfg = Release|Win32
		{EDF6FC81-C940-3D32-9E17-608421EBA4F3}.Release|Win32.Build.0 = Release|Win32
		{9BC91F71-481D-31FB-980B-06839AC7D171}.Debug|Win32.ActiveCfg = Debug|Win32
		{9BC91F71-481D-31FB-980B-06839AC7D171}.Debug|Win32.Build.0 = Debug|Win32
		{9BC91F71-481D-31FB-980B-06839AC7D171}.Release|Win32.ActiveCfg = Release|Win32
		{9BC91F71-481D-31FB-980B-06839AC7D171}.Release|Win32.Build.0 = Release|Win32
	EndGlobalSection
	GlobalSection(ExtensibilityGlobals) = postSolution
	EndGlobalSection
	GlobalSection(ExtensibilityAddIns) = postSolution
	EndGlobalSection
EndGlobal