Microsoft Visual Studio Solution File, Format Version 11.00
# Visual Studio 2010
Project("{2150E333-8FDC-42A3-9474-1A3956D46DE8}") = "3rdparty", "3rdparty", "{5CD0B986-62A9-4989-9F3F-9178529C23E3}"
EndProject
Project("{8BC9CEB8-8B4A-11D0-8D11-00A0C91BC942}") = "FilesystemStore", "DataStores\FilesystemStore\FilesystemStore.vcxproj", "{25C3B1F5-84DE-314A-BD0D-E333A2B54E3D}"
	ProjectSection(ProjectDependencies) = postProject
		{BEDA2495-561F-473E-9F74-613B45CC7D29} = {BEDA2495-561F-473E-9F74-613B45CC7D29}
		{A5BF67EE-BADB-3350-8819-C8D7F6F1E525} = {A5BF67EE-BADB-3350-8819-C8D7F6F1E525}
	EndProjectSection
EndProject
Project("{8BC9CEB8-8B4A-11D0-8D11-00A0C91BC942}") = "DarkKnight", "DarkKnight\DarkKnight.vcxproj", "{3AB4E74B-1703-38D2-8C08-34882B1D0E8A}"
	ProjectSection(ProjectDependencies) = postProject
		{521F963B-CBDE-4F72-BBE7-29993DE08514} = {521F963B-CBDE-4F72-BBE7-29993DE08514}
		{35CA1F68-8B04-470D-8018-D6D838671536} = {35CA1F68-8B04-470D-8018-D6D838671536}
		{9CB4BB8A-4463-4130-8A68-9D6CA20F2AA4} = {9CB4BB8A-4463-4130-8A68-9D6CA20F2AA4}
		{BEDA2495-561F-473E-9F74-613B45CC7D29} = {BEDA2495-561F-473E-9F74-613B45CC7D29}
		{5B96F2C5-88E8-40DA-9577-8678009BA7D0} = {5B96F2C5-88E8-40DA-9577-8678009BA7D0}
		{B801C4CB-C1C9-361C-B515-A0EB336C3451} = {B801C4CB-C1C9-361C-B515-A0EB336C3451}
		{A5BF67EE-BADB-3350-8819-C8D7F6F1E525} = {A5BF67EE-BADB-3350-8819-C8D7F6F1E525}
		{25C3B1F5-84DE-314A-BD0D-E333A2B54E3D} = {25C3B1F5-84DE-314A-BD0D-E333A2B54E3D}
		{6DC64CFF-E528-337E-929D-BAD910D49395} = {6DC64CFF-E528-337E-929D-BAD910D49395}
	EndProjectSection
EndProject
Project("{8BC9CEB8-8B4A-11D0-8D11-00A0C91BC942}") = "Framework", "Framework\Framework.vcxproj", "{A5BF67EE-BADB-3350-8819-C8D7F6F1E525}"
	ProjectSection(ProjectDependencies) = postProject
		{521F963B-CBDE-4F72-BBE7-29993DE08514} = {521F963B-CBDE-4F72-BBE7-29993DE08514}
		{9CB4BB8A-4463-4130-8A68-9D6CA20F2AA4} = {9CB4BB8A-4463-4130-8A68-9D6CA20F2AA4}
		{BEDA2495-561F-473E-9F74-613B45CC7D29} = {BEDA2495-561F-473E-9F74-613B45CC7D29}
		{5B96F2C5-88E8-40DA-9577-8678009BA7D0} = {5B96F2C5-88E8-40DA-9577-8678009BA7D0}
		{23ECDBDD-10FE-40AB-8878-F5FB7761D76C} = {23ECDBDD-10FE-40AB-8878-F5FB7761D76C}
	EndProjectSection
EndProject
Project("{2150E333-8FDC-42A3-9474-1A3956D46DE8}") = "Stores", "Stores", "{4FF31B35-6CBA-47E5-9D52-9D16E23460F5}"
EndProject
Project("{2150E333-8FDC-42A3-9474-1A3956D46DE8}") = "Concepts", "Concepts", "{8CF18E15-34CE-488E-8A04-A05FCA0B13C2}"
EndProject
Project("{8BC9CEB8-8B4A-11D0-8D11-00A0C91BC942}") = "ClassicGoodPawn", "Concepts\ClassicGoodPawn\ClassicGoodPawn.vcxproj", "{35CA1F68-8B04-470D-8018-D6D838671536}"
	ProjectSection(ProjectDependencies) = postProject
		{521F963B-CBDE-4F72-BBE7-29993DE08514} = {521F963B-CBDE-4F72-BBE7-29993DE08514}
		{A2A89363-2F1F-353C-A0EC-B1A76B7292C0} = {A2A89363-2F1F-353C-A0EC-B1A76B7292C0}
		{23ECDBDD-10FE-40AB-8878-F5FB7761D76C} = {23ECDBDD-10FE-40AB-8878-F5FB7761D76C}
		{A5BF67EE-BADB-3350-8819-C8D7F6F1E525} = {A5BF67EE-BADB-3350-8819-C8D7F6F1E525}
	EndProjectSection
EndProject
Project("{8BC9CEB8-8B4A-11D0-8D11-00A0C91BC942}") = "Interfaces", "Interfaces\Interfaces.vcxproj", "{BEDA2495-561F-473E-9F74-613B45CC7D29}"
	ProjectSection(ProjectDependencies) = postProject
		{A2A89363-2F1F-353C-A0EC-B1A76B7292C0} = {A2A89363-2F1F-353C-A0EC-B1A76B7292C0}
		{23ECDBDD-10FE-40AB-8878-F5FB7761D76C} = {23ECDBDD-10FE-40AB-8878-F5FB7761D76C}
	EndProjectSection
EndProject
Project("{8BC9CEB8-8B4A-11D0-8D11-00A0C91BC942}") = "libchessengine", "3rdparty\libchessengine\libchessengine.vcxproj", "{521F963B-CBDE-4F72-BBE7-29993DE08514}"
	ProjectSection(ProjectDependencies) = postProject
		{23ECDBDD-10FE-40AB-8878-F5FB7761D76C} = {23ECDBDD-10FE-40AB-8878-F5FB7761D76C}
	EndProjectSection
EndProject
Project("{8BC9CEB8-8B4A-11D0-8D11-00A0C91BC942}") = "libqxtgui", "3rdparty\libqxt\gui\gui.vcxproj", "{B801C4CB-C1C9-361C-B515-A0EB336C3451}"
EndProject
Project("{8BC9CEB8-8B4A-11D0-8D11-00A0C91BC942}") = "fuzzylib", "3rdparty\fuzzylib\fuzzylib.vcxproj", "{5B96F2C5-88E8-40DA-9577-8678009BA7D0}"
EndProject
Project("{8BC9CEB8-8B4A-11D0-8D11-00A0C91BC942}") = "FuzzyGoodPawn", "Concepts\FuzzyGoodPawn\FuzzyGoodPawn.vcxproj", "{EFE57272-621A-40FC-A0D8-1FB8E30AA65F}"
	ProjectSection(ProjectDependencies) = postProject
		{521F963B-CBDE-4F72-BBE7-29993DE08514} = {521F963B-CBDE-4F72-BBE7-29993DE08514}
		{A2A89363-2F1F-353C-A0EC-B1A76B7292C0} = {A2A89363-2F1F-353C-A0EC-B1A76B7292C0}
		{47788692-1459-4AF3-BDAC-517DDC5A11B3} = {47788692-1459-4AF3-BDAC-517DDC5A11B3}
		{BEDA2495-561F-473E-9F74-613B45CC7D29} = {BEDA2495-561F-473E-9F74-613B45CC7D29}
		{5B96F2C5-88E8-40DA-9577-8678009BA7D0} = {5B96F2C5-88E8-40DA-9577-8678009BA7D0}
		{23ECDBDD-10FE-40AB-8878-F5FB7761D76C} = {23ECDBDD-10FE-40AB-8878-F5FB7761D76C}
		{A5BF67EE-BADB-3350-8819-C8D7F6F1E525} = {A5BF67EE-BADB-3350-8819-C8D7F6F1E525}
	EndProjectSection
EndProject
Project("{8BC9CEB8-8B4A-11D0-8D11-00A0C91BC942}") = "Utils", "Utils\Utils.vcxproj", "{A2A89363-2F1F-353C-A0EC-B1A76B7292C0}"
EndProject
Project("{8BC9CEB8-8B4A-11D0-8D11-00A0C91BC942}") = "Widgets", "Widgets\Widgets.vcxproj", "{6DC64CFF-E528-337E-929D-BAD910D49395}"
EndProject
Project("{8BC9CEB8-8B4A-11D0-8D11-00A0C91BC942}") = "libpgnm", "3rdparty\libchessengine\3rdparty\libpgnm\libpgnm.vcxproj", "{23ECDBDD-10FE-40AB-8878-F5FB7761D76C}"
EndProject
Project("{8BC9CEB8-8B4A-11D0-8D11-00A0C91BC942}") = "Primitives", "Concepts\Primitives\Primitives.vcxproj", "{47788692-1459-4AF3-BDAC-517DDC5A11B3}"
	ProjectSection(ProjectDependencies) = postProject
		{521F963B-CBDE-4F72-BBE7-29993DE08514} = {521F963B-CBDE-4F72-BBE7-29993DE08514}
		{5B96F2C5-88E8-40DA-9577-8678009BA7D0} = {5B96F2C5-88E8-40DA-9577-8678009BA7D0}
	EndProjectSection
EndProject
Project("{8BC9CEB8-8B4A-11D0-8D11-00A0C91BC942}") = "UnitTests", "UnitTests\UnitTests.vcxproj", "{657DD6F3-EDDF-4D31-A68C-38671D0B93DE}"
	ProjectSection(ProjectDependencies) = postProject
		{521F963B-CBDE-4F72-BBE7-29993DE08514} = {521F963B-CBDE-4F72-BBE7-29993DE08514}
		{EFE57272-621A-40FC-A0D8-1FB8E30AA65F} = {EFE57272-621A-40FC-A0D8-1FB8E30AA65F}
		{47788692-1459-4AF3-BDAC-517DDC5A11B3} = {47788692-1459-4AF3-BDAC-517DDC5A11B3}
		{5B96F2C5-88E8-40DA-9577-8678009BA7D0} = {5B96F2C5-88E8-40DA-9577-8678009BA7D0}
		{23ECDBDD-10FE-40AB-8878-F5FB7761D76C} = {23ECDBDD-10FE-40AB-8878-F5FB7761D76C}
	EndProjectSection
EndProject
Project("{8BC9CEB8-8B4A-11D0-8D11-00A0C91BC942}") = "cgsql", "3rdparty\cgsql\cgsql.vcxproj", "{9CB4BB8A-4463-4130-8A68-9D6CA20F2AA4}"
	ProjectSection(ProjectDependencies) = postProject
		{5B96F2C5-88E8-40DA-9577-8678009BA7D0} = {5B96F2C5-88E8-40DA-9577-8678009BA7D0}
		{23ECDBDD-10FE-40AB-8878-F5FB7761D76C} = {23ECDBDD-10FE-40AB-8878-F5FB7761D76C}
	EndProjectSection
EndProject
Project("{8BC9CEB8-8B4A-11D0-8D11-00A0C91BC942}") = "CheckmatePerception", "Concepts\BeautifulMate\BeautifulMate.vcxproj", "{A0CF91D0-1635-4062-80B7-B9AB9BB4AA98}"
	ProjectSection(ProjectDependencies) = postProject
		{521F963B-CBDE-4F72-BBE7-29993DE08514} = {521F963B-CBDE-4F72-BBE7-29993DE08514}
		{47788692-1459-4AF3-BDAC-517DDC5A11B3} = {47788692-1459-4AF3-BDAC-517DDC5A11B3}
		{5B96F2C5-88E8-40DA-9577-8678009BA7D0} = {5B96F2C5-88E8-40DA-9577-8678009BA7D0}
		{23ECDBDD-10FE-40AB-8878-F5FB7761D76C} = {23ECDBDD-10FE-40AB-8878-F5FB7761D76C}
	EndProjectSection
EndProject
Project("{8BC9CEB8-8B4A-11D0-8D11-00A0C91BC942}") = "MoveQuality", "Concepts\MoveQuality\MoveQuality.vcxproj", "{AB923738-E090-4BD4-9992-F67BE17D72D3}"
EndProject
Project("{8BC9CEB8-8B4A-11D0-8D11-00A0C91BC942}") = "UnitTest++", "3rdparty\unittest-cpp\vs_projects\vs2010_x86\UnitTest++.vcxproj", "{59739FC9-D084-4B2E-BFEA-28D91A9BD3F8}"
EndProject
Global
	GlobalSection(SolutionConfigurationPlatforms) = preSolution
		Debug|Win32 = Debug|Win32
		Debug|x64 = Debug|x64
		MinSizeRel|Win32 = MinSizeRel|Win32
		MinSizeRel|x64 = MinSizeRel|x64
		Release|Win32 = Release|Win32
		Release|x64 = Release|x64
		RelWithDebInfo|Win32 = RelWithDebInfo|Win32
		RelWithDebInfo|x64 = RelWithDebInfo|x64
		win32_dll_vc90_debug|Win32 = win32_dll_vc90_debug|Win32
		win32_dll_vc90_debug|x64 = win32_dll_vc90_debug|x64
		win32_dll_vc90_release|Win32 = win32_dll_vc90_release|Win32
		win32_dll_vc90_release|x64 = win32_dll_vc90_release|x64
		win32_static_vc90_md_debug|Win32 = win32_static_vc90_md_debug|Win32
		win32_static_vc90_md_debug|x64 = win32_static_vc90_md_debug|x64
		win32_static_vc90_md_release|Win32 = win32_static_vc90_md_release|Win32
		win32_static_vc90_md_release|x64 = win32_static_vc90_md_release|x64
		win32_static_vc90_mt_debug|Win32 = win32_static_vc90_mt_debug|Win32
		win32_static_vc90_mt_debug|x64 = win32_static_vc90_mt_debug|x64
		win32_static_vc90_mt_release|Win32 = win32_static_vc90_mt_release|Win32
		win32_static_vc90_mt_release|x64 = win32_static_vc90_mt_release|x64
	EndGlobalSection
	GlobalSection(ProjectConfigurationPlatforms) = postSolution
		{25C3B1F5-84DE-314A-BD0D-E333A2B54E3D}.Debug|Win32.ActiveCfg = Debug|x64
		{25C3B1F5-84DE-314A-BD0D-E333A2B54E3D}.Debug|Win32.Build.0 = Debug|x64
		{25C3B1F5-84DE-314A-BD0D-E333A2B54E3D}.Debug|x64.ActiveCfg = Debug|x64
		{25C3B1F5-84DE-314A-BD0D-E333A2B54E3D}.Debug|x64.Build.0 = Debug|x64
		{25C3B1F5-84DE-314A-BD0D-E333A2B54E3D}.MinSizeRel|Win32.ActiveCfg = Release|x64
		{25C3B1F5-84DE-314A-BD0D-E333A2B54E3D}.MinSizeRel|x64.ActiveCfg = Release|x64
		{25C3B1F5-84DE-314A-BD0D-E333A2B54E3D}.MinSizeRel|x64.Build.0 = Release|x64
		{25C3B1F5-84DE-314A-BD0D-E333A2B54E3D}.Release|Win32.ActiveCfg = Release|x64
		{25C3B1F5-84DE-314A-BD0D-E333A2B54E3D}.Release|Win32.Build.0 = Release|x64
		{25C3B1F5-84DE-314A-BD0D-E333A2B54E3D}.Release|x64.ActiveCfg = Release|x64
		{25C3B1F5-84DE-314A-BD0D-E333A2B54E3D}.Release|x64.Build.0 = Release|x64
		{25C3B1F5-84DE-314A-BD0D-E333A2B54E3D}.RelWithDebInfo|Win32.ActiveCfg = Release|x64
		{25C3B1F5-84DE-314A-BD0D-E333A2B54E3D}.RelWithDebInfo|x64.ActiveCfg = Release|x64
		{25C3B1F5-84DE-314A-BD0D-E333A2B54E3D}.RelWithDebInfo|x64.Build.0 = Release|x64
		{25C3B1F5-84DE-314A-BD0D-E333A2B54E3D}.win32_dll_vc90_debug|Win32.ActiveCfg = Release|x64
		{25C3B1F5-84DE-314A-BD0D-E333A2B54E3D}.win32_dll_vc90_debug|x64.ActiveCfg = Release|x64
		{25C3B1F5-84DE-314A-BD0D-E333A2B54E3D}.win32_dll_vc90_debug|x64.Build.0 = Release|x64
		{25C3B1F5-84DE-314A-BD0D-E333A2B54E3D}.win32_dll_vc90_release|Win32.ActiveCfg = Release|x64
		{25C3B1F5-84DE-314A-BD0D-E333A2B54E3D}.win32_dll_vc90_release|x64.ActiveCfg = Release|x64
		{25C3B1F5-84DE-314A-BD0D-E333A2B54E3D}.win32_dll_vc90_release|x64.Build.0 = Release|x64
		{25C3B1F5-84DE-314A-BD0D-E333A2B54E3D}.win32_static_vc90_md_debug|Win32.ActiveCfg = Release|x64
		{25C3B1F5-84DE-314A-BD0D-E333A2B54E3D}.win32_static_vc90_md_debug|x64.ActiveCfg = Release|x64
		{25C3B1F5-84DE-314A-BD0D-E333A2B54E3D}.win32_static_vc90_md_debug|x64.Build.0 = Release|x64
		{25C3B1F5-84DE-314A-BD0D-E333A2B54E3D}.win32_static_vc90_md_release|Win32.ActiveCfg = Release|x64
		{25C3B1F5-84DE-314A-BD0D-E333A2B54E3D}.win32_static_vc90_md_release|x64.ActiveCfg = Release|x64
		{25C3B1F5-84DE-314A-BD0D-E333A2B54E3D}.win32_static_vc90_md_release|x64.Build.0 = Release|x64
		{25C3B1F5-84DE-314A-BD0D-E333A2B54E3D}.win32_static_vc90_mt_debug|Win32.ActiveCfg = Release|x64
		{25C3B1F5-84DE-314A-BD0D-E333A2B54E3D}.win32_static_vc90_mt_debug|x64.ActiveCfg = Release|x64
		{25C3B1F5-84DE-314A-BD0D-E333A2B54E3D}.win32_static_vc90_mt_debug|x64.Build.0 = Release|x64
		{25C3B1F5-84DE-314A-BD0D-E333A2B54E3D}.win32_static_vc90_mt_release|Win32.ActiveCfg = Release|x64
		{25C3B1F5-84DE-314A-BD0D-E333A2B54E3D}.win32_static_vc90_mt_release|x64.ActiveCfg = Release|x64
		{25C3B1F5-84DE-314A-BD0D-E333A2B54E3D}.win32_static_vc90_mt_release|x64.Build.0 = Release|x64
		{3AB4E74B-1703-38D2-8C08-34882B1D0E8A}.Debug|Win32.ActiveCfg = Debug|x64
		{3AB4E74B-1703-38D2-8C08-34882B1D0E8A}.Debug|Win32.Build.0 = Debug|x64
		{3AB4E74B-1703-38D2-8C08-34882B1D0E8A}.Debug|x64.ActiveCfg = Debug|x64
		{3AB4E74B-1703-38D2-8C08-34882B1D0E8A}.Debug|x64.Build.0 = Debug|x64
		{3AB4E74B-1703-38D2-8C08-34882B1D0E8A}.MinSizeRel|Win32.ActiveCfg = Release|x64
		{3AB4E74B-1703-38D2-8C08-34882B1D0E8A}.MinSizeRel|x64.ActiveCfg = Release|x64
		{3AB4E74B-1703-38D2-8C08-34882B1D0E8A}.MinSizeRel|x64.Build.0 = Release|x64
		{3AB4E74B-1703-38D2-8C08-34882B1D0E8A}.Release|Win32.ActiveCfg = Release|x64
		{3AB4E74B-1703-38D2-8C08-34882B1D0E8A}.Release|Win32.Build.0 = Release|x64
		{3AB4E74B-1703-38D2-8C08-34882B1D0E8A}.Release|x64.ActiveCfg = Release|x64
		{3AB4E74B-1703-38D2-8C08-34882B1D0E8A}.Release|x64.Build.0 = Release|x64
		{3AB4E74B-1703-38D2-8C08-34882B1D0E8A}.RelWithDebInfo|Win32.ActiveCfg = Release|x64
		{3AB4E74B-1703-38D2-8C08-34882B1D0E8A}.RelWithDebInfo|x64.ActiveCfg = Release|x64
		{3AB4E74B-1703-38D2-8C08-34882B1D0E8A}.RelWithDebInfo|x64.Build.0 = Release|x64
		{3AB4E74B-1703-38D2-8C08-34882B1D0E8A}.win32_dll_vc90_debug|Win32.ActiveCfg = Release|x64
		{3AB4E74B-1703-38D2-8C08-34882B1D0E8A}.win32_dll_vc90_debug|x64.ActiveCfg = Release|x64
		{3AB4E74B-1703-38D2-8C08-34882B1D0E8A}.win32_dll_vc90_debug|x64.Build.0 = Release|x64
		{3AB4E74B-1703-38D2-8C08-34882B1D0E8A}.win32_dll_vc90_release|Win32.ActiveCfg = Release|x64
		{3AB4E74B-1703-38D2-8C08-34882B1D0E8A}.win32_dll_vc90_release|x64.ActiveCfg = Release|x64
		{3AB4E74B-1703-38D2-8C08-34882B1D0E8A}.win32_dll_vc90_release|x64.Build.0 = Release|x64
		{3AB4E74B-1703-38D2-8C08-34882B1D0E8A}.win32_static_vc90_md_debug|Win32.ActiveCfg = Release|x64
		{3AB4E74B-1703-38D2-8C08-34882B1D0E8A}.win32_static_vc90_md_debug|x64.ActiveCfg = Release|x64
		{3AB4E74B-1703-38D2-8C08-34882B1D0E8A}.win32_static_vc90_md_debug|x64.Build.0 = Release|x64
		{3AB4E74B-1703-38D2-8C08-34882B1D0E8A}.win32_static_vc90_md_release|Win32.ActiveCfg = Release|x64
		{3AB4E74B-1703-38D2-8C08-34882B1D0E8A}.win32_static_vc90_md_release|x64.ActiveCfg = Release|x64
		{3AB4E74B-1703-38D2-8C08-34882B1D0E8A}.win32_static_vc90_md_release|x64.Build.0 = Release|x64
		{3AB4E74B-1703-38D2-8C08-34882B1D0E8A}.win32_static_vc90_mt_debug|Win32.ActiveCfg = Release|x64
		{3AB4E74B-1703-38D2-8C08-34882B1D0E8A}.win32_static_vc90_mt_debug|x64.ActiveCfg = Release|x64
		{3AB4E74B-1703-38D2-8C08-34882B1D0E8A}.win32_static_vc90_mt_debug|x64.Build.0 = Release|x64
		{3AB4E74B-1703-38D2-8C08-34882B1D0E8A}.win32_static_vc90_mt_release|Win32.ActiveCfg = Release|x64
		{3AB4E74B-1703-38D2-8C08-34882B1D0E8A}.win32_static_vc90_mt_release|x64.ActiveCfg = Release|x64
		{3AB4E74B-1703-38D2-8C08-34882B1D0E8A}.win32_static_vc90_mt_release|x64.Build.0 = Release|x64
		{A5BF67EE-BADB-3350-8819-C8D7F6F1E525}.Debug|Win32.ActiveCfg = Debug|x64
		{A5BF67EE-BADB-3350-8819-C8D7F6F1E525}.Debug|Win32.Build.0 = Debug|x64
		{A5BF67EE-BADB-3350-8819-C8D7F6F1E525}.Debug|x64.ActiveCfg = Debug|x64
		{A5BF67EE-BADB-3350-8819-C8D7F6F1E525}.Debug|x64.Build.0 = Debug|x64
		{A5BF67EE-BADB-3350-8819-C8D7F6F1E525}.MinSizeRel|Win32.ActiveCfg = Release|x64
		{A5BF67EE-BADB-3350-8819-C8D7F6F1E525}.MinSizeRel|x64.ActiveCfg = Release|x64
		{A5BF67EE-BADB-3350-8819-C8D7F6F1E525}.MinSizeRel|x64.Build.0 = Release|x64
		{A5BF67EE-BADB-3350-8819-C8D7F6F1E525}.Release|Win32.ActiveCfg = Release|x64
		{A5BF67EE-BADB-3350-8819-C8D7F6F1E525}.Release|Win32.Build.0 = Release|x64
		{A5BF67EE-BADB-3350-8819-C8D7F6F1E525}.Release|x64.ActiveCfg = Release|x64
		{A5BF67EE-BADB-3350-8819-C8D7F6F1E525}.Release|x64.Build.0 = Release|x64
		{A5BF67EE-BADB-3350-8819-C8D7F6F1E525}.RelWithDebInfo|Win32.ActiveCfg = Release|x64
		{A5BF67EE-BADB-3350-8819-C8D7F6F1E525}.RelWithDebInfo|x64.ActiveCfg = Release|x64
		{A5BF67EE-BADB-3350-8819-C8D7F6F1E525}.RelWithDebInfo|x64.Build.0 = Release|x64
		{A5BF67EE-BADB-3350-8819-C8D7F6F1E525}.win32_dll_vc90_debug|Win32.ActiveCfg = Release|x64
		{A5BF67EE-BADB-3350-8819-C8D7F6F1E525}.win32_dll_vc90_debug|x64.ActiveCfg = Release|x64
		{A5BF67EE-BADB-3350-8819-C8D7F6F1E525}.win32_dll_vc90_debug|x64.Build.0 = Release|x64
		{A5BF67EE-BADB-3350-8819-C8D7F6F1E525}.win32_dll_vc90_release|Win32.ActiveCfg = Release|x64
		{A5BF67EE-BADB-3350-8819-C8D7F6F1E525}.win32_dll_vc90_release|x64.ActiveCfg = Release|x64
		{A5BF67EE-BADB-3350-8819-C8D7F6F1E525}.win32_dll_vc90_release|x64.Build.0 = Release|x64
		{A5BF67EE-BADB-3350-8819-C8D7F6F1E525}.win32_static_vc90_md_debug|Win32.ActiveCfg = Release|x64
		{A5BF67EE-BADB-3350-8819-C8D7F6F1E525}.win32_static_vc90_md_debug|x64.ActiveCfg = Release|x64
		{A5BF67EE-BADB-3350-8819-C8D7F6F1E525}.win32_static_vc90_md_debug|x64.Build.0 = Release|x64
		{A5BF67EE-BADB-3350-8819-C8D7F6F1E525}.win32_static_vc90_md_release|Win32.ActiveCfg = Release|x64
		{A5BF67EE-BADB-3350-8819-C8D7F6F1E525}.win32_static_vc90_md_release|x64.ActiveCfg = Release|x64
		{A5BF67EE-BADB-3350-8819-C8D7F6F1E525}.win32_static_vc90_md_release|x64.Build.0 = Release|x64
		{A5BF67EE-BADB-3350-8819-C8D7F6F1E525}.win32_static_vc90_mt_debug|Win32.ActiveCfg = Release|x64
		{A5BF67EE-BADB-3350-8819-C8D7F6F1E525}.win32_static_vc90_mt_debug|x64.ActiveCfg = Release|x64
		{A5BF67EE-BADB-3350-8819-C8D7F6F1E525}.win32_static_vc90_mt_debug|x64.Build.0 = Release|x64
		{A5BF67EE-BADB-3350-8819-C8D7F6F1E525}.win32_static_vc90_mt_release|Win32.ActiveCfg = Release|x64
		{A5BF67EE-BADB-3350-8819-C8D7F6F1E525}.win32_static_vc90_mt_release|x64.ActiveCfg = Release|x64
		{A5BF67EE-BADB-3350-8819-C8D7F6F1E525}.win32_static_vc90_mt_release|x64.Build.0 = Release|x64
		{35CA1F68-8B04-470D-8018-D6D838671536}.Debug|Win32.ActiveCfg = Debug|x64
		{35CA1F68-8B04-470D-8018-D6D838671536}.Debug|Win32.Build.0 = Debug|x64
		{35CA1F68-8B04-470D-8018-D6D838671536}.Debug|x64.ActiveCfg = Debug|x64
		{35CA1F68-8B04-470D-8018-D6D838671536}.Debug|x64.Build.0 = Debug|x64
		{35CA1F68-8B04-470D-8018-D6D838671536}.MinSizeRel|Win32.ActiveCfg = Release|x64
		{35CA1F68-8B04-470D-8018-D6D838671536}.MinSizeRel|x64.ActiveCfg = Release|x64
		{35CA1F68-8B04-470D-8018-D6D838671536}.MinSizeRel|x64.Build.0 = Release|x64
		{35CA1F68-8B04-470D-8018-D6D838671536}.Release|Win32.ActiveCfg = Release|x64
		{35CA1F68-8B04-470D-8018-D6D838671536}.Release|Win32.Build.0 = Release|x64
		{35CA1F68-8B04-470D-8018-D6D838671536}.Release|x64.ActiveCfg = Release|x64
		{35CA1F68-8B04-470D-8018-D6D838671536}.Release|x64.Build.0 = Release|x64
		{35CA1F68-8B04-470D-8018-D6D838671536}.RelWithDebInfo|Win32.ActiveCfg = Release|x64
		{35CA1F68-8B04-470D-8018-D6D838671536}.RelWithDebInfo|x64.ActiveCfg = Release|x64
		{35CA1F68-8B04-470D-8018-D6D838671536}.RelWithDebInfo|x64.Build.0 = Release|x64
		{35CA1F68-8B04-470D-8018-D6D838671536}.win32_dll_vc90_debug|Win32.ActiveCfg = Release|x64
		{35CA1F68-8B04-470D-8018-D6D838671536}.win32_dll_vc90_debug|x64.ActiveCfg = Release|x64
		{35CA1F68-8B04-470D-8018-D6D838671536}.win32_dll_vc90_debug|x64.Build.0 = Release|x64
		{35CA1F68-8B04-470D-8018-D6D838671536}.win32_dll_vc90_release|Win32.ActiveCfg = Release|x64
		{35CA1F68-8B04-470D-8018-D6D838671536}.win32_dll_vc90_release|x64.ActiveCfg = Release|x64
		{35CA1F68-8B04-470D-8018-D6D838671536}.win32_dll_vc90_release|x64.Build.0 = Release|x64
		{35CA1F68-8B04-470D-8018-D6D838671536}.win32_static_vc90_md_debug|Win32.ActiveCfg = Release|x64
		{35CA1F68-8B04-470D-8018-D6D838671536}.win32_static_vc90_md_debug|x64.ActiveCfg = Release|x64
		{35CA1F68-8B04-470D-8018-D6D838671536}.win32_static_vc90_md_debug|x64.Build.0 = Release|x64
		{35CA1F68-8B04-470D-8018-D6D838671536}.win32_static_vc90_md_release|Win32.ActiveCfg = Release|x64
		{35CA1F68-8B04-470D-8018-D6D838671536}.win32_static_vc90_md_release|x64.ActiveCfg = Release|x64
		{35CA1F68-8B04-470D-8018-D6D838671536}.win32_static_vc90_md_release|x64.Build.0 = Release|x64
		{35CA1F68-8B04-470D-8018-D6D838671536}.win32_static_vc90_mt_debug|Win32.ActiveCfg = Release|x64
		{35CA1F68-8B04-470D-8018-D6D838671536}.win32_static_vc90_mt_debug|x64.ActiveCfg = Release|x64
		{35CA1F68-8B04-470D-8018-D6D838671536}.win32_static_vc90_mt_debug|x64.Build.0 = Release|x64
		{35CA1F68-8B04-470D-8018-D6D838671536}.win32_static_vc90_mt_release|Win32.ActiveCfg = Release|x64
		{35CA1F68-8B04-470D-8018-D6D838671536}.win32_static_vc90_mt_release|x64.ActiveCfg = Release|x64
		{35CA1F68-8B04-470D-8018-D6D838671536}.win32_static_vc90_mt_release|x64.Build.0 = Release|x64
		{BEDA2495-561F-473E-9F74-613B45CC7D29}.Debug|Win32.ActiveCfg = Debug|x64
		{BEDA2495-561F-473E-9F74-613B45CC7D29}.Debug|Win32.Build.0 = Debug|x64
		{BEDA2495-561F-473E-9F74-613B45CC7D29}.Debug|x64.ActiveCfg = Debug|x64
		{BEDA2495-561F-473E-9F74-613B45CC7D29}.Debug|x64.Build.0 = Debug|x64
		{BEDA2495-561F-473E-9F74-613B45CC7D29}.MinSizeRel|Win32.ActiveCfg = Release|x64
		{BEDA2495-561F-473E-9F74-613B45CC7D29}.MinSizeRel|x64.ActiveCfg = Release|x64
		{BEDA2495-561F-473E-9F74-613B45CC7D29}.MinSizeRel|x64.Build.0 = Release|x64
		{BEDA2495-561F-473E-9F74-613B45CC7D29}.Release|Win32.ActiveCfg = Release|x64
		{BEDA2495-561F-473E-9F74-613B45CC7D29}.Release|Win32.Build.0 = Release|x64
		{BEDA2495-561F-473E-9F74-613B45CC7D29}.Release|x64.ActiveCfg = Release|x64
		{BEDA2495-561F-473E-9F74-613B45CC7D29}.Release|x64.Build.0 = Release|x64
		{BEDA2495-561F-473E-9F74-613B45CC7D29}.RelWithDebInfo|Win32.ActiveCfg = Release|x64
		{BEDA2495-561F-473E-9F74-613B45CC7D29}.RelWithDebInfo|x64.ActiveCfg = Release|x64
		{BEDA2495-561F-473E-9F74-613B45CC7D29}.RelWithDebInfo|x64.Build.0 = Release|x64
		{BEDA2495-561F-473E-9F74-613B45CC7D29}.win32_dll_vc90_debug|Win32.ActiveCfg = Release|x64
		{BEDA2495-561F-473E-9F74-613B45CC7D29}.win32_dll_vc90_debug|x64.ActiveCfg = Release|x64
		{BEDA2495-561F-473E-9F74-613B45CC7D29}.win32_dll_vc90_debug|x64.Build.0 = Release|x64
		{BEDA2495-561F-473E-9F74-613B45CC7D29}.win32_dll_vc90_release|Win32.ActiveCfg = Release|x64
		{BEDA2495-561F-473E-9F74-613B45CC7D29}.win32_dll_vc90_release|x64.ActiveCfg = Release|x64
		{BEDA2495-561F-473E-9F74-613B45CC7D29}.win32_dll_vc90_release|x64.Build.0 = Release|x64
		{BEDA2495-561F-473E-9F74-613B45CC7D29}.win32_static_vc90_md_debug|Win32.ActiveCfg = Release|x64
		{BEDA2495-561F-473E-9F74-613B45CC7D29}.win32_static_vc90_md_debug|x64.ActiveCfg = Release|x64
		{BEDA2495-561F-473E-9F74-613B45CC7D29}.win32_static_vc90_md_debug|x64.Build.0 = Release|x64
		{BEDA2495-561F-473E-9F74-613B45CC7D29}.win32_static_vc90_md_release|Win32.ActiveCfg = Release|x64
		{BEDA2495-561F-473E-9F74-613B45CC7D29}.win32_static_vc90_md_release|x64.ActiveCfg = Release|x64
		{BEDA2495-561F-473E-9F74-613B45CC7D29}.win32_static_vc90_md_release|x64.Build.0 = Release|x64
		{BEDA2495-561F-473E-9F74-613B45CC7D29}.win32_static_vc90_mt_debug|Win32.ActiveCfg = Release|x64
		{BEDA2495-561F-473E-9F74-613B45CC7D29}.win32_static_vc90_mt_debug|x64.ActiveCfg = Release|x64
		{BEDA2495-561F-473E-9F74-613B45CC7D29}.win32_static_vc90_mt_debug|x64.Build.0 = Release|x64
		{BEDA2495-561F-473E-9F74-613B45CC7D29}.win32_static_vc90_mt_release|Win32.ActiveCfg = Release|x64
		{BEDA2495-561F-473E-9F74-613B45CC7D29}.win32_static_vc90_mt_release|x64.ActiveCfg = Release|x64
		{BEDA2495-561F-473E-9F74-613B45CC7D29}.win32_static_vc90_mt_release|x64.Build.0 = Release|x64
		{521F963B-CBDE-4F72-BBE7-29993DE08514}.Debug|Win32.ActiveCfg = Debug|x64
		{521F963B-CBDE-4F72-BBE7-29993DE08514}.Debug|Win32.Build.0 = Debug|x64
		{521F963B-CBDE-4F72-BBE7-29993DE08514}.Debug|x64.ActiveCfg = Debug|x64
		{521F963B-CBDE-4F72-BBE7-29993DE08514}.Debug|x64.Build.0 = Debug|x64
		{521F963B-CBDE-4F72-BBE7-29993DE08514}.MinSizeRel|Win32.ActiveCfg = Release|x64
		{521F963B-CBDE-4F72-BBE7-29993DE08514}.MinSizeRel|x64.ActiveCfg = Release|x64
		{521F963B-CBDE-4F72-BBE7-29993DE08514}.MinSizeRel|x64.Build.0 = Release|x64
		{521F963B-CBDE-4F72-BBE7-29993DE08514}.Release|Win32.ActiveCfg = Release|Win32
		{521F963B-CBDE-4F72-BBE7-29993DE08514}.Release|Win32.Build.0 = Release|Win32
		{521F963B-CBDE-4F72-BBE7-29993DE08514}.Release|x64.ActiveCfg = Release|x64
		{521F963B-CBDE-4F72-BBE7-29993DE08514}.Release|x64.Build.0 = Release|x64
		{521F963B-CBDE-4F72-BBE7-29993DE08514}.RelWithDebInfo|Win32.ActiveCfg = Release|x64
		{521F963B-CBDE-4F72-BBE7-29993DE08514}.RelWithDebInfo|x64.ActiveCfg = Release|x64
		{521F963B-CBDE-4F72-BBE7-29993DE08514}.RelWithDebInfo|x64.Build.0 = Release|x64
		{521F963B-CBDE-4F72-BBE7-29993DE08514}.win32_dll_vc90_debug|Win32.ActiveCfg = Release|x64
		{521F963B-CBDE-4F72-BBE7-29993DE08514}.win32_dll_vc90_debug|x64.ActiveCfg = Release|x64
		{521F963B-CBDE-4F72-BBE7-29993DE08514}.win32_dll_vc90_debug|x64.Build.0 = Release|x64
		{521F963B-CBDE-4F72-BBE7-29993DE08514}.win32_dll_vc90_release|Win32.ActiveCfg = Release|x64
		{521F963B-CBDE-4F72-BBE7-29993DE08514}.win32_dll_vc90_release|x64.ActiveCfg = Release|x64
		{521F963B-CBDE-4F72-BBE7-29993DE08514}.win32_dll_vc90_release|x64.Build.0 = Release|x64
		{521F963B-CBDE-4F72-BBE7-29993DE08514}.win32_static_vc90_md_debug|Win32.ActiveCfg = Release|x64
		{521F963B-CBDE-4F72-BBE7-29993DE08514}.win32_static_vc90_md_debug|x64.ActiveCfg = Release|x64
		{521F963B-CBDE-4F72-BBE7-29993DE08514}.win32_static_vc90_md_debug|x64.Build.0 = Release|x64
		{521F963B-CBDE-4F72-BBE7-29993DE08514}.win32_static_vc90_md_release|Win32.ActiveCfg = Release|x64
		{521F963B-CBDE-4F72-BBE7-29993DE08514}.win32_static_vc90_md_release|x64.ActiveCfg = Release|x64
		{521F963B-CBDE-4F72-BBE7-29993DE08514}.win32_static_vc90_md_release|x64.Build.0 = Release|x64
		{521F963B-CBDE-4F72-BBE7-29993DE08514}.win32_static_vc90_mt_debug|Win32.ActiveCfg = Release|x64
		{521F963B-CBDE-4F72-BBE7-29993DE08514}.win32_static_vc90_mt_debug|x64.ActiveCfg = Release|x64
		{521F963B-CBDE-4F72-BBE7-29993DE08514}.win32_static_vc90_mt_debug|x64.Build.0 = Release|x64
		{521F963B-CBDE-4F72-BBE7-29993DE08514}.win32_static_vc90_mt_release|Win32.ActiveCfg = Release|x64
		{521F963B-CBDE-4F72-BBE7-29993DE08514}.win32_static_vc90_mt_release|x64.ActiveCfg = Release|x64
		{521F963B-CBDE-4F72-BBE7-29993DE08514}.win32_static_vc90_mt_release|x64.Build.0 = Release|x64
		{B801C4CB-C1C9-361C-B515-A0EB336C3451}.Debug|Win32.ActiveCfg = Debug|x64
		{B801C4CB-C1C9-361C-B515-A0EB336C3451}.Debug|Win32.Build.0 = Debug|x64
		{B801C4CB-C1C9-361C-B515-A0EB336C3451}.Debug|x64.ActiveCfg = Debug|x64
		{B801C4CB-C1C9-361C-B515-A0EB336C3451}.Debug|x64.Build.0 = Debug|x64
		{B801C4CB-C1C9-361C-B515-A0EB336C3451}.MinSizeRel|Win32.ActiveCfg = Release|x64
		{B801C4CB-C1C9-361C-B515-A0EB336C3451}.MinSizeRel|x64.ActiveCfg = Release|x64
		{B801C4CB-C1C9-361C-B515-A0EB336C3451}.MinSizeRel|x64.Build.0 = Release|x64
		{B801C4CB-C1C9-361C-B515-A0EB336C3451}.Release|Win32.ActiveCfg = Release|Win32
		{B801C4CB-C1C9-361C-B515-A0EB336C3451}.Release|Win32.Build.0 = Release|Win32
		{B801C4CB-C1C9-361C-B515-A0EB336C3451}.Release|x64.ActiveCfg = Release|x64
		{B801C4CB-C1C9-361C-B515-A0EB336C3451}.Release|x64.Build.0 = Release|x64
		{B801C4CB-C1C9-361C-B515-A0EB336C3451}.RelWithDebInfo|Win32.ActiveCfg = Release|x64
		{B801C4CB-C1C9-361C-B515-A0EB336C3451}.RelWithDebInfo|x64.ActiveCfg = Release|x64
		{B801C4CB-C1C9-361C-B515-A0EB336C3451}.RelWithDebInfo|x64.Build.0 = Release|x64
		{B801C4CB-C1C9-361C-B515-A0EB336C3451}.win32_dll_vc90_debug|Win32.ActiveCfg = Release|x64
		{B801C4CB-C1C9-361C-B515-A0EB336C3451}.win32_dll_vc90_debug|x64.ActiveCfg = Release|x64
		{B801C4CB-C1C9-361C-B515-A0EB336C3451}.win32_dll_vc90_debug|x64.Build.0 = Release|x64
		{B801C4CB-C1C9-361C-B515-A0EB336C3451}.win32_dll_vc90_release|Win32.ActiveCfg = Release|x64
		{B801C4CB-C1C9-361C-B515-A0EB336C3451}.win32_dll_vc90_release|x64.ActiveCfg = Release|x64
		{B801C4CB-C1C9-361C-B515-A0EB336C3451}.win32_dll_vc90_release|x64.Build.0 = Release|x64
		{B801C4CB-C1C9-361C-B515-A0EB336C3451}.win32_static_vc90_md_debug|Win32.ActiveCfg = Release|x64
		{B801C4CB-C1C9-361C-B515-A0EB336C3451}.win32_static_vc90_md_debug|x64.ActiveCfg = Release|x64
		{B801C4CB-C1C9-361C-B515-A0EB336C3451}.win32_static_vc90_md_debug|x64.Build.0 = Release|x64
		{B801C4CB-C1C9-361C-B515-A0EB336C3451}.win32_static_vc90_md_release|Win32.ActiveCfg = Release|x64
		{B801C4CB-C1C9-361C-B515-A0EB336C3451}.win32_static_vc90_md_release|x64.ActiveCfg = Release|x64
		{B801C4CB-C1C9-361C-B515-A0EB336C3451}.win32_static_vc90_md_release|x64.Build.0 = Release|x64
		{B801C4CB-C1C9-361C-B515-A0EB336C3451}.win32_static_vc90_mt_debug|Win32.ActiveCfg = Release|x64
		{B801C4CB-C1C9-361C-B515-A0EB336C3451}.win32_static_vc90_mt_debug|x64.ActiveCfg = Release|x64
		{B801C4CB-C1C9-361C-B515-A0EB336C3451}.win32_static_vc90_mt_debug|x64.Build.0 = Release|x64
		{B801C4CB-C1C9-361C-B515-A0EB336C3451}.win32_static_vc90_mt_release|Win32.ActiveCfg = Release|x64
		{B801C4CB-C1C9-361C-B515-A0EB336C3451}.win32_static_vc90_mt_release|x64.ActiveCfg = Release|x64
		{B801C4CB-C1C9-361C-B515-A0EB336C3451}.win32_static_vc90_mt_release|x64.Build.0 = Release|x64
		{5B96F2C5-88E8-40DA-9577-8678009BA7D0}.Debug|Win32.ActiveCfg = Debug|x64
		{5B96F2C5-88E8-40DA-9577-8678009BA7D0}.Debug|Win32.Build.0 = Debug|x64
		{5B96F2C5-88E8-40DA-9577-8678009BA7D0}.Debug|x64.ActiveCfg = Debug|x64
		{5B96F2C5-88E8-40DA-9577-8678009BA7D0}.Debug|x64.Build.0 = Debug|x64
		{5B96F2C5-88E8-40DA-9577-8678009BA7D0}.MinSizeRel|Win32.ActiveCfg = Release|x64
		{5B96F2C5-88E8-40DA-9577-8678009BA7D0}.MinSizeRel|x64.ActiveCfg = Release|x64
		{5B96F2C5-88E8-40DA-9577-8678009BA7D0}.MinSizeRel|x64.Build.0 = Release|x64
		{5B96F2C5-88E8-40DA-9577-8678009BA7D0}.Release|Win32.ActiveCfg = Release|Win32
		{5B96F2C5-88E8-40DA-9577-8678009BA7D0}.Release|Win32.Build.0 = Release|Win32
		{5B96F2C5-88E8-40DA-9577-8678009BA7D0}.Release|x64.ActiveCfg = Release|Win32
		{5B96F2C5-88E8-40DA-9577-8678009BA7D0}.RelWithDebInfo|Win32.ActiveCfg = Release|x64
		{5B96F2C5-88E8-40DA-9577-8678009BA7D0}.RelWithDebInfo|x64.ActiveCfg = Release|x64
		{5B96F2C5-88E8-40DA-9577-8678009BA7D0}.RelWithDebInfo|x64.Build.0 = Release|x64
		{5B96F2C5-88E8-40DA-9577-8678009BA7D0}.win32_dll_vc90_debug|Win32.ActiveCfg = Release|x64
		{5B96F2C5-88E8-40DA-9577-8678009BA7D0}.win32_dll_vc90_debug|x64.ActiveCfg = Release|x64
		{5B96F2C5-88E8-40DA-9577-8678009BA7D0}.win32_dll_vc90_debug|x64.Build.0 = Release|x64
		{5B96F2C5-88E8-40DA-9577-8678009BA7D0}.win32_dll_vc90_release|Win32.ActiveCfg = Release|x64
		{5B96F2C5-88E8-40DA-9577-8678009BA7D0}.win32_dll_vc90_release|x64.ActiveCfg = Release|x64
		{5B96F2C5-88E8-40DA-9577-8678009BA7D0}.win32_dll_vc90_release|x64.Build.0 = Release|x64
		{5B96F2C5-88E8-40DA-9577-8678009BA7D0}.win32_static_vc90_md_debug|Win32.ActiveCfg = Release|x64
		{5B96F2C5-88E8-40DA-9577-8678009BA7D0}.win32_static_vc90_md_debug|x64.ActiveCfg = Release|x64
		{5B96F2C5-88E8-40DA-9577-8678009BA7D0}.win32_static_vc90_md_debug|x64.Build.0 = Release|x64
		{5B96F2C5-88E8-40DA-9577-8678009BA7D0}.win32_static_vc90_md_release|Win32.ActiveCfg = Release|x64
		{5B96F2C5-88E8-40DA-9577-8678009BA7D0}.win32_static_vc90_md_release|x64.ActiveCfg = Release|x64
		{5B96F2C5-88E8-40DA-9577-8678009BA7D0}.win32_static_vc90_md_release|x64.Build.0 = Release|x64
		{5B96F2C5-88E8-40DA-9577-8678009BA7D0}.win32_static_vc90_mt_debug|Win32.ActiveCfg = Release|x64
		{5B96F2C5-88E8-40DA-9577-8678009BA7D0}.win32_static_vc90_mt_debug|x64.ActiveCfg = Release|x64
		{5B96F2C5-88E8-40DA-9577-8678009BA7D0}.win32_static_vc90_mt_debug|x64.Build.0 = Release|x64
		{5B96F2C5-88E8-40DA-9577-8678009BA7D0}.win32_static_vc90_mt_release|Win32.ActiveCfg = Release|x64
		{5B96F2C5-88E8-40DA-9577-8678009BA7D0}.win32_static_vc90_mt_release|x64.ActiveCfg = Release|x64
		{5B96F2C5-88E8-40DA-9577-8678009BA7D0}.win32_static_vc90_mt_release|x64.Build.0 = Release|x64
		{EFE57272-621A-40FC-A0D8-1FB8E30AA65F}.Debug|Win32.ActiveCfg = Debug|x64
		{EFE57272-621A-40FC-A0D8-1FB8E30AA65F}.Debug|Win32.Build.0 = Debug|x64
		{EFE57272-621A-40FC-A0D8-1FB8E30AA65F}.Debug|x64.ActiveCfg = Debug|x64
		{EFE57272-621A-40FC-A0D8-1FB8E30AA65F}.Debug|x64.Build.0 = Debug|x64
		{EFE57272-621A-40FC-A0D8-1FB8E30AA65F}.MinSizeRel|Win32.ActiveCfg = Release|x64
		{EFE57272-621A-40FC-A0D8-1FB8E30AA65F}.MinSizeRel|x64.ActiveCfg = Release|x64
		{EFE57272-621A-40FC-A0D8-1FB8E30AA65F}.MinSizeRel|x64.Build.0 = Release|x64
		{EFE57272-621A-40FC-A0D8-1FB8E30AA65F}.Release|Win32.ActiveCfg = Release|Win32
		{EFE57272-621A-40FC-A0D8-1FB8E30AA65F}.Release|Win32.Build.0 = Release|Win32
		{EFE57272-621A-40FC-A0D8-1FB8E30AA65F}.Release|x64.ActiveCfg = Release|x64
		{EFE57272-621A-40FC-A0D8-1FB8E30AA65F}.Release|x64.Build.0 = Release|x64
		{EFE57272-621A-40FC-A0D8-1FB8E30AA65F}.RelWithDebInfo|Win32.ActiveCfg = Release|x64
		{EFE57272-621A-40FC-A0D8-1FB8E30AA65F}.RelWithDebInfo|x64.ActiveCfg = Release|x64
		{EFE57272-621A-40FC-A0D8-1FB8E30AA65F}.RelWithDebInfo|x64.Build.0 = Release|x64
		{EFE57272-621A-40FC-A0D8-1FB8E30AA65F}.win32_dll_vc90_debug|Win32.ActiveCfg = Release|x64
		{EFE57272-621A-40FC-A0D8-1FB8E30AA65F}.win32_dll_vc90_debug|x64.ActiveCfg = Release|x64
		{EFE57272-621A-40FC-A0D8-1FB8E30AA65F}.win32_dll_vc90_debug|x64.Build.0 = Release|x64
		{EFE57272-621A-40FC-A0D8-1FB8E30AA65F}.win32_dll_vc90_release|Win32.ActiveCfg = Release|x64
		{EFE57272-621A-40FC-A0D8-1FB8E30AA65F}.win32_dll_vc90_release|x64.ActiveCfg = Release|x64
		{EFE57272-621A-40FC-A0D8-1FB8E30AA65F}.win32_dll_vc90_release|x64.Build.0 = Release|x64
		{EFE57272-621A-40FC-A0D8-1FB8E30AA65F}.win32_static_vc90_md_debug|Win32.ActiveCfg = Release|x64
		{EFE57272-621A-40FC-A0D8-1FB8E30AA65F}.win32_static_vc90_md_debug|x64.ActiveCfg = Release|x64
		{EFE57272-621A-40FC-A0D8-1FB8E30AA65F}.win32_static_vc90_md_debug|x64.Build.0 = Release|x64
		{EFE57272-621A-40FC-A0D8-1FB8E30AA65F}.win32_static_vc90_md_release|Win32.ActiveCfg = Release|x64
		{EFE57272-621A-40FC-A0D8-1FB8E30AA65F}.win32_static_vc90_md_release|x64.ActiveCfg = Release|x64
		{EFE57272-621A-40FC-A0D8-1FB8E30AA65F}.win32_static_vc90_md_release|x64.Build.0 = Release|x64
		{EFE57272-621A-40FC-A0D8-1FB8E30AA65F}.win32_static_vc90_mt_debug|Win32.ActiveCfg = Release|x64
		{EFE57272-621A-40FC-A0D8-1FB8E30AA65F}.win32_static_vc90_mt_debug|x64.ActiveCfg = Release|x64
		{EFE57272-621A-40FC-A0D8-1FB8E30AA65F}.win32_static_vc90_mt_debug|x64.Build.0 = Release|x64
		{EFE57272-621A-40FC-A0D8-1FB8E30AA65F}.win32_static_vc90_mt_release|Win32.ActiveCfg = Release|x64
		{EFE57272-621A-40FC-A0D8-1FB8E30AA65F}.win32_static_vc90_mt_release|x64.ActiveCfg = Release|x64
		{EFE57272-621A-40FC-A0D8-1FB8E30AA65F}.win32_static_vc90_mt_release|x64.Build.0 = Release|x64
		{A2A89363-2F1F-353C-A0EC-B1A76B7292C0}.Debug|Win32.ActiveCfg = Debug|x64
		{A2A89363-2F1F-353C-A0EC-B1A76B7292C0}.Debug|Win32.Build.0 = Debug|x64
		{A2A89363-2F1F-353C-A0EC-B1A76B7292C0}.Debug|x64.ActiveCfg = Debug|x64
		{A2A89363-2F1F-353C-A0EC-B1A76B7292C0}.Debug|x64.Build.0 = Debug|x64
		{A2A89363-2F1F-353C-A0EC-B1A76B7292C0}.MinSizeRel|Win32.ActiveCfg = Release|x64
		{A2A89363-2F1F-353C-A0EC-B1A76B7292C0}.MinSizeRel|x64.ActiveCfg = Release|x64
		{A2A89363-2F1F-353C-A0EC-B1A76B7292C0}.MinSizeRel|x64.Build.0 = Release|x64
		{A2A89363-2F1F-353C-A0EC-B1A76B7292C0}.Release|Win32.ActiveCfg = Release|Win32
		{A2A89363-2F1F-353C-A0EC-B1A76B7292C0}.Release|Win32.Build.0 = Release|Win32
		{A2A89363-2F1F-353C-A0EC-B1A76B7292C0}.Release|x64.ActiveCfg = Release|x64
		{A2A89363-2F1F-353C-A0EC-B1A76B7292C0}.Release|x64.Build.0 = Release|x64
		{A2A89363-2F1F-353C-A0EC-B1A76B7292C0}.RelWithDebInfo|Win32.ActiveCfg = Release|x64
		{A2A89363-2F1F-353C-A0EC-B1A76B7292C0}.RelWithDebInfo|x64.ActiveCfg = Release|x64
		{A2A89363-2F1F-353C-A0EC-B1A76B7292C0}.RelWithDebInfo|x64.Build.0 = Release|x64
		{A2A89363-2F1F-353C-A0EC-B1A76B7292C0}.win32_dll_vc90_debug|Win32.ActiveCfg = Release|x64
		{A2A89363-2F1F-353C-A0EC-B1A76B7292C0}.win32_dll_vc90_debug|x64.ActiveCfg = Release|x64
		{A2A89363-2F1F-353C-A0EC-B1A76B7292C0}.win32_dll_vc90_debug|x64.Build.0 = Release|x64
		{A2A89363-2F1F-353C-A0EC-B1A76B7292C0}.win32_dll_vc90_release|Win32.ActiveCfg = Release|x64
		{A2A89363-2F1F-353C-A0EC-B1A76B7292C0}.win32_dll_vc90_release|x64.ActiveCfg = Release|x64
		{A2A89363-2F1F-353C-A0EC-B1A76B7292C0}.win32_dll_vc90_release|x64.Build.0 = Release|x64
		{A2A89363-2F1F-353C-A0EC-B1A76B7292C0}.win32_static_vc90_md_debug|Win32.ActiveCfg = Release|x64
		{A2A89363-2F1F-353C-A0EC-B1A76B7292C0}.win32_static_vc90_md_debug|x64.ActiveCfg = Release|x64
		{A2A89363-2F1F-353C-A0EC-B1A76B7292C0}.win32_static_vc90_md_debug|x64.Build.0 = Release|x64
		{A2A89363-2F1F-353C-A0EC-B1A76B7292C0}.win32_static_vc90_md_release|Win32.ActiveCfg = Release|x64
		{A2A89363-2F1F-353C-A0EC-B1A76B7292C0}.win32_static_vc90_md_release|x64.ActiveCfg = Release|x64
		{A2A89363-2F1F-353C-A0EC-B1A76B7292C0}.win32_static_vc90_md_release|x64.Build.0 = Release|x64
		{A2A89363-2F1F-353C-A0EC-B1A76B7292C0}.win32_static_vc90_mt_debug|Win32.ActiveCfg = Release|x64
		{A2A89363-2F1F-353C-A0EC-B1A76B7292C0}.win32_static_vc90_mt_debug|x64.ActiveCfg = Release|x64
		{A2A89363-2F1F-353C-A0EC-B1A76B7292C0}.win32_static_vc90_mt_debug|x64.Build.0 = Release|x64
		{A2A89363-2F1F-353C-A0EC-B1A76B7292C0}.win32_static_vc90_mt_release|Win32.ActiveCfg = Release|x64
		{A2A89363-2F1F-353C-A0EC-B1A76B7292C0}.win32_static_vc90_mt_release|x64.ActiveCfg = Release|x64
		{A2A89363-2F1F-353C-A0EC-B1A76B7292C0}.win32_static_vc90_mt_release|x64.Build.0 = Release|x64
		{6DC64CFF-E528-337E-929D-BAD910D49395}.Debug|Win32.ActiveCfg = Debug|x64
		{6DC64CFF-E528-337E-929D-BAD910D49395}.Debug|Win32.Build.0 = Debug|x64
		{6DC64CFF-E528-337E-929D-BAD910D49395}.Debug|x64.ActiveCfg = Debug|x64
		{6DC64CFF-E528-337E-929D-BAD910D49395}.Debug|x64.Build.0 = Debug|x64
		{6DC64CFF-E528-337E-929D-BAD910D49395}.MinSizeRel|Win32.ActiveCfg = Release|x64
		{6DC64CFF-E528-337E-929D-BAD910D49395}.MinSizeRel|x64.ActiveCfg = Release|x64
		{6DC64CFF-E528-337E-929D-BAD910D49395}.MinSizeRel|x64.Build.0 = Release|x64
		{6DC64CFF-E528-337E-929D-BAD910D49395}.Release|Win32.ActiveCfg = Release|Win32
		{6DC64CFF-E528-337E-929D-BAD910D49395}.Release|Win32.Build.0 = Release|Win32
		{6DC64CFF-E528-337E-929D-BAD910D49395}.Release|x64.ActiveCfg = Release|x64
		{6DC64CFF-E528-337E-929D-BAD910D49395}.Release|x64.Build.0 = Release|x64
		{6DC64CFF-E528-337E-929D-BAD910D49395}.RelWithDebInfo|Win32.ActiveCfg = Release|x64
		{6DC64CFF-E528-337E-929D-BAD910D49395}.RelWithDebInfo|x64.ActiveCfg = Release|x64
		{6DC64CFF-E528-337E-929D-BAD910D49395}.RelWithDebInfo|x64.Build.0 = Release|x64
		{6DC64CFF-E528-337E-929D-BAD910D49395}.win32_dll_vc90_debug|Win32.ActiveCfg = Release|x64
		{6DC64CFF-E528-337E-929D-BAD910D49395}.win32_dll_vc90_debug|x64.ActiveCfg = Release|x64
		{6DC64CFF-E528-337E-929D-BAD910D49395}.win32_dll_vc90_debug|x64.Build.0 = Release|x64
		{6DC64CFF-E528-337E-929D-BAD910D49395}.win32_dll_vc90_release|Win32.ActiveCfg = Release|x64
		{6DC64CFF-E528-337E-929D-BAD910D49395}.win32_dll_vc90_release|x64.ActiveCfg = Release|x64
		{6DC64CFF-E528-337E-929D-BAD910D49395}.win32_dll_vc90_release|x64.Build.0 = Release|x64
		{6DC64CFF-E528-337E-929D-BAD910D49395}.win32_static_vc90_md_debug|Win32.ActiveCfg = Release|x64
		{6DC64CFF-E528-337E-929D-BAD910D49395}.win32_static_vc90_md_debug|x64.ActiveCfg = Release|x64
		{6DC64CFF-E528-337E-929D-BAD910D49395}.win32_static_vc90_md_debug|x64.Build.0 = Release|x64
		{6DC64CFF-E528-337E-929D-BAD910D49395}.win32_static_vc90_md_release|Win32.ActiveCfg = Release|x64
		{6DC64CFF-E528-337E-929D-BAD910D49395}.win32_static_vc90_md_release|x64.ActiveCfg = Release|x64
		{6DC64CFF-E528-337E-929D-BAD910D49395}.win32_static_vc90_md_release|x64.Build.0 = Release|x64
		{6DC64CFF-E528-337E-929D-BAD910D49395}.win32_static_vc90_mt_debug|Win32.ActiveCfg = Release|x64
		{6DC64CFF-E528-337E-929D-BAD910D49395}.win32_static_vc90_mt_debug|x64.ActiveCfg = Release|x64
		{6DC64CFF-E528-337E-929D-BAD910D49395}.win32_static_vc90_mt_debug|x64.Build.0 = Release|x64
		{6DC64CFF-E528-337E-929D-BAD910D49395}.win32_static_vc90_mt_release|Win32.ActiveCfg = Release|x64
		{6DC64CFF-E528-337E-929D-BAD910D49395}.win32_static_vc90_mt_release|x64.ActiveCfg = Release|x64
		{6DC64CFF-E528-337E-929D-BAD910D49395}.win32_static_vc90_mt_release|x64.Build.0 = Release|x64
		{23ECDBDD-10FE-40AB-8878-F5FB7761D76C}.Debug|Win32.ActiveCfg = Debug|x64
		{23ECDBDD-10FE-40AB-8878-F5FB7761D76C}.Debug|Win32.Build.0 = Debug|x64
		{23ECDBDD-10FE-40AB-8878-F5FB7761D76C}.Debug|x64.ActiveCfg = Debug|x64
		{23ECDBDD-10FE-40AB-8878-F5FB7761D76C}.Debug|x64.Build.0 = Debug|x64
		{23ECDBDD-10FE-40AB-8878-F5FB7761D76C}.MinSizeRel|Win32.ActiveCfg = Release|x64
		{23ECDBDD-10FE-40AB-8878-F5FB7761D76C}.MinSizeRel|x64.ActiveCfg = Release|x64
		{23ECDBDD-10FE-40AB-8878-F5FB7761D76C}.MinSizeRel|x64.Build.0 = Release|x64
		{23ECDBDD-10FE-40AB-8878-F5FB7761D76C}.Release|Win32.ActiveCfg = Release|Win32
		{23ECDBDD-10FE-40AB-8878-F5FB7761D76C}.Release|Win32.Build.0 = Release|Win32
		{23ECDBDD-10FE-40AB-8878-F5FB7761D76C}.Release|x64.ActiveCfg = Release|Win32
		{23ECDBDD-10FE-40AB-8878-F5FB7761D76C}.RelWithDebInfo|Win32.ActiveCfg = Release|x64
		{23ECDBDD-10FE-40AB-8878-F5FB7761D76C}.RelWithDebInfo|x64.ActiveCfg = Release|x64
		{23ECDBDD-10FE-40AB-8878-F5FB7761D76C}.RelWithDebInfo|x64.Build.0 = Release|x64
		{23ECDBDD-10FE-40AB-8878-F5FB7761D76C}.win32_dll_vc90_debug|Win32.ActiveCfg = Release|x64
		{23ECDBDD-10FE-40AB-8878-F5FB7761D76C}.win32_dll_vc90_debug|x64.ActiveCfg = Release|x64
		{23ECDBDD-10FE-40AB-8878-F5FB7761D76C}.win32_dll_vc90_debug|x64.Build.0 = Release|x64
		{23ECDBDD-10FE-40AB-8878-F5FB7761D76C}.win32_dll_vc90_release|Win32.ActiveCfg = Release|x64
		{23ECDBDD-10FE-40AB-8878-F5FB7761D76C}.win32_dll_vc90_release|x64.ActiveCfg = Release|x64
		{23ECDBDD-10FE-40AB-8878-F5FB7761D76C}.win32_dll_vc90_release|x64.Build.0 = Release|x64
		{23ECDBDD-10FE-40AB-8878-F5FB7761D76C}.win32_static_vc90_md_debug|Win32.ActiveCfg = Release|x64
		{23ECDBDD-10FE-40AB-8878-F5FB7761D76C}.win32_static_vc90_md_debug|x64.ActiveCfg = Release|x64
		{23ECDBDD-10FE-40AB-8878-F5FB7761D76C}.win32_static_vc90_md_debug|x64.Build.0 = Release|x64
		{23ECDBDD-10FE-40AB-8878-F5FB7761D76C}.win32_static_vc90_md_release|Win32.ActiveCfg = Release|x64
		{23ECDBDD-10FE-40AB-8878-F5FB7761D76C}.win32_static_vc90_md_release|x64.ActiveCfg = Release|x64
		{23ECDBDD-10FE-40AB-8878-F5FB7761D76C}.win32_static_vc90_md_release|x64.Build.0 = Release|x64
		{23ECDBDD-10FE-40AB-8878-F5FB7761D76C}.win32_static_vc90_mt_debug|Win32.ActiveCfg = Release|x64
		{23ECDBDD-10FE-40AB-8878-F5FB7761D76C}.win32_static_vc90_mt_debug|x64.ActiveCfg = Release|x64
		{23ECDBDD-10FE-40AB-8878-F5FB7761D76C}.win32_static_vc90_mt_debug|x64.Build.0 = Release|x64
		{23ECDBDD-10FE-40AB-8878-F5FB7761D76C}.win32_static_vc90_mt_release|Win32.ActiveCfg = Release|x64
		{23ECDBDD-10FE-40AB-8878-F5FB7761D76C}.win32_static_vc90_mt_release|x64.ActiveCfg = Release|x64
		{23ECDBDD-10FE-40AB-8878-F5FB7761D76C}.win32_static_vc90_mt_release|x64.Build.0 = Release|x64
		{47788692-1459-4AF3-BDAC-517DDC5A11B3}.Debug|Win32.ActiveCfg = Debug|x64
		{47788692-1459-4AF3-BDAC-517DDC5A11B3}.Debug|Win32.Build.0 = Debug|x64
		{47788692-1459-4AF3-BDAC-517DDC5A11B3}.Debug|x64.ActiveCfg = Debug|x64
		{47788692-1459-4AF3-BDAC-517DDC5A11B3}.Debug|x64.Build.0 = Debug|x64
		{47788692-1459-4AF3-BDAC-517DDC5A11B3}.MinSizeRel|Win32.ActiveCfg = Release|x64
		{47788692-1459-4AF3-BDAC-517DDC5A11B3}.MinSizeRel|x64.ActiveCfg = Release|x64
		{47788692-1459-4AF3-BDAC-517DDC5A11B3}.MinSizeRel|x64.Build.0 = Release|x64
		{47788692-1459-4AF3-BDAC-517DDC5A11B3}.Release|Win32.ActiveCfg = Release|Win32
		{47788692-1459-4AF3-BDAC-517DDC5A11B3}.Release|Win32.Build.0 = Release|Win32
		{47788692-1459-4AF3-BDAC-517DDC5A11B3}.Release|x64.ActiveCfg = Release|Win32
		{47788692-1459-4AF3-BDAC-517DDC5A11B3}.RelWithDebInfo|Win32.ActiveCfg = Release|x64
		{47788692-1459-4AF3-BDAC-517DDC5A11B3}.RelWithDebInfo|x64.ActiveCfg = Release|x64
		{47788692-1459-4AF3-BDAC-517DDC5A11B3}.RelWithDebInfo|x64.Build.0 = Release|x64
		{47788692-1459-4AF3-BDAC-517DDC5A11B3}.win32_dll_vc90_debug|Win32.ActiveCfg = Release|x64
		{47788692-1459-4AF3-BDAC-517DDC5A11B3}.win32_dll_vc90_debug|x64.ActiveCfg = Release|x64
		{47788692-1459-4AF3-BDAC-517DDC5A11B3}.win32_dll_vc90_debug|x64.Build.0 = Release|x64
		{47788692-1459-4AF3-BDAC-517DDC5A11B3}.win32_dll_vc90_release|Win32.ActiveCfg = Release|x64
		{47788692-1459-4AF3-BDAC-517DDC5A11B3}.win32_dll_vc90_release|x64.ActiveCfg = Release|x64
		{47788692-1459-4AF3-BDAC-517DDC5A11B3}.win32_dll_vc90_release|x64.Build.0 = Release|x64
		{47788692-1459-4AF3-BDAC-517DDC5A11B3}.win32_static_vc90_md_debug|Win32.ActiveCfg = Release|x64
		{47788692-1459-4AF3-BDAC-517DDC5A11B3}.win32_static_vc90_md_debug|x64.ActiveCfg = Release|x64
		{47788692-1459-4AF3-BDAC-517DDC5A11B3}.win32_static_vc90_md_debug|x64.Build.0 = Release|x64
		{47788692-1459-4AF3-BDAC-517DDC5A11B3}.win32_static_vc90_md_release|Win32.ActiveCfg = Release|x64
		{47788692-1459-4AF3-BDAC-517DDC5A11B3}.win32_static_vc90_md_release|x64.ActiveCfg = Release|x64
		{47788692-1459-4AF3-BDAC-517DDC5A11B3}.win32_static_vc90_md_release|x64.Build.0 = Release|x64
		{47788692-1459-4AF3-BDAC-517DDC5A11B3}.win32_static_vc90_mt_debug|Win32.ActiveCfg = Release|x64
		{47788692-1459-4AF3-BDAC-517DDC5A11B3}.win32_static_vc90_mt_debug|x64.ActiveCfg = Release|x64
		{47788692-1459-4AF3-BDAC-517DDC5A11B3}.win32_static_vc90_mt_debug|x64.Build.0 = Release|x64
		{47788692-1459-4AF3-BDAC-517DDC5A11B3}.win32_static_vc90_mt_release|Win32.ActiveCfg = Release|x64
		{47788692-1459-4AF3-BDAC-517DDC5A11B3}.win32_static_vc90_mt_release|x64.ActiveCfg = Release|x64
		{47788692-1459-4AF3-BDAC-517DDC5A11B3}.win32_static_vc90_mt_release|x64.Build.0 = Release|x64
		{657DD6F3-EDDF-4D31-A68C-38671D0B93DE}.Debug|Win32.ActiveCfg = Debug|x64
		{657DD6F3-EDDF-4D31-A68C-38671D0B93DE}.Debug|Win32.Build.0 = Debug|x64
		{657DD6F3-EDDF-4D31-A68C-38671D0B93DE}.Debug|x64.ActiveCfg = Debug|x64
		{657DD6F3-EDDF-4D31-A68C-38671D0B93DE}.Debug|x64.Build.0 = Debug|x64
		{657DD6F3-EDDF-4D31-A68C-38671D0B93DE}.MinSizeRel|Win32.ActiveCfg = Release|x64
		{657DD6F3-EDDF-4D31-A68C-38671D0B93DE}.MinSizeRel|x64.ActiveCfg = Release|x64
		{657DD6F3-EDDF-4D31-A68C-38671D0B93DE}.MinSizeRel|x64.Build.0 = Release|x64
		{657DD6F3-EDDF-4D31-A68C-38671D0B93DE}.Release|Win32.ActiveCfg = Release|Win32
		{657DD6F3-EDDF-4D31-A68C-38671D0B93DE}.Release|Win32.Build.0 = Release|Win32
		{657DD6F3-EDDF-4D31-A68C-38671D0B93DE}.Release|x64.ActiveCfg = Release|Win32
		{657DD6F3-EDDF-4D31-A68C-38671D0B93DE}.RelWithDebInfo|Win32.ActiveCfg = Release|x64
		{657DD6F3-EDDF-4D31-A68C-38671D0B93DE}.RelWithDebInfo|x64.ActiveCfg = Release|x64
		{657DD6F3-EDDF-4D31-A68C-38671D0B93DE}.RelWithDebInfo|x64.Build.0 = Release|x64
		{657DD6F3-EDDF-4D31-A68C-38671D0B93DE}.win32_dll_vc90_debug|Win32.ActiveCfg = Release|x64
		{657DD6F3-EDDF-4D31-A68C-38671D0B93DE}.win32_dll_vc90_debug|x64.ActiveCfg = Release|x64
		{657DD6F3-EDDF-4D31-A68C-38671D0B93DE}.win32_dll_vc90_debug|x64.Build.0 = Release|x64
		{657DD6F3-EDDF-4D31-A68C-38671D0B93DE}.win32_dll_vc90_release|Win32.ActiveCfg = Release|x64
		{657DD6F3-EDDF-4D31-A68C-38671D0B93DE}.win32_dll_vc90_release|x64.ActiveCfg = Release|x64
		{657DD6F3-EDDF-4D31-A68C-38671D0B93DE}.win32_dll_vc90_release|x64.Build.0 = Release|x64
		{657DD6F3-EDDF-4D31-A68C-38671D0B93DE}.win32_static_vc90_md_debug|Win32.ActiveCfg = Release|x64
		{657DD6F3-EDDF-4D31-A68C-38671D0B93DE}.win32_static_vc90_md_debug|x64.ActiveCfg = Release|x64
		{657DD6F3-EDDF-4D31-A68C-38671D0B93DE}.win32_static_vc90_md_debug|x64.Build.0 = Release|x64
		{657DD6F3-EDDF-4D31-A68C-38671D0B93DE}.win32_static_vc90_md_release|Win32.ActiveCfg = Release|x64
		{657DD6F3-EDDF-4D31-A68C-38671D0B93DE}.win32_static_vc90_md_release|x64.ActiveCfg = Release|x64
		{657DD6F3-EDDF-4D31-A68C-38671D0B93DE}.win32_static_vc90_md_release|x64.Build.0 = Release|x64
		{657DD6F3-EDDF-4D31-A68C-38671D0B93DE}.win32_static_vc90_mt_debug|Win32.ActiveCfg = Release|x64
		{657DD6F3-EDDF-4D31-A68C-38671D0B93DE}.win32_static_vc90_mt_debug|x64.ActiveCfg = Release|x64
		{657DD6F3-EDDF-4D31-A68C-38671D0B93DE}.win32_static_vc90_mt_debug|x64.Build.0 = Release|x64
		{657DD6F3-EDDF-4D31-A68C-38671D0B93DE}.win32_static_vc90_mt_release|Win32.ActiveCfg = Release|x64
		{657DD6F3-EDDF-4D31-A68C-38671D0B93DE}.win32_static_vc90_mt_release|x64.ActiveCfg = Release|x64
		{657DD6F3-EDDF-4D31-A68C-38671D0B93DE}.win32_static_vc90_mt_release|x64.Build.0 = Release|x64
		{9CB4BB8A-4463-4130-8A68-9D6CA20F2AA4}.Debug|Win32.ActiveCfg = Debug|Win32
		{9CB4BB8A-4463-4130-8A68-9D6CA20F2AA4}.Debug|Win32.Build.0 = Debug|Win32
		{9CB4BB8A-4463-4130-8A68-9D6CA20F2AA4}.Debug|x64.ActiveCfg = Debug|x64
		{9CB4BB8A-4463-4130-8A68-9D6CA20F2AA4}.Debug|x64.Build.0 = Debug|x64
		{9CB4BB8A-4463-4130-8A68-9D6CA20F2AA4}.MinSizeRel|Win32.ActiveCfg = Release|x64
		{9CB4BB8A-4463-4130-8A68-9D6CA20F2AA4}.MinSizeRel|x64.ActiveCfg = Release|x64
		{9CB4BB8A-4463-4130-8A68-9D6CA20F2AA4}.MinSizeRel|x64.Build.0 = Release|x64
		{9CB4BB8A-4463-4130-8A68-9D6CA20F2AA4}.Release|Win32.ActiveCfg = Release|Win32
		{9CB4BB8A-4463-4130-8A68-9D6CA20F2AA4}.Release|Win32.Build.0 = Release|Win32
		{9CB4BB8A-4463-4130-8A68-9D6CA20F2AA4}.Release|x64.ActiveCfg = Release|x64
		{9CB4BB8A-4463-4130-8A68-9D6CA20F2AA4}.Release|x64.Build.0 = Release|x64
		{9CB4BB8A-4463-4130-8A68-9D6CA20F2AA4}.RelWithDebInfo|Win32.ActiveCfg = Release|x64
		{9CB4BB8A-4463-4130-8A68-9D6CA20F2AA4}.RelWithDebInfo|x64.ActiveCfg = Release|x64
		{9CB4BB8A-4463-4130-8A68-9D6CA20F2AA4}.RelWithDebInfo|x64.Build.0 = Release|x64
		{9CB4BB8A-4463-4130-8A68-9D6CA20F2AA4}.win32_dll_vc90_debug|Win32.ActiveCfg = Release|x64
		{9CB4BB8A-4463-4130-8A68-9D6CA20F2AA4}.win32_dll_vc90_debug|x64.ActiveCfg = Release|x64
		{9CB4BB8A-4463-4130-8A68-9D6CA20F2AA4}.win32_dll_vc90_debug|x64.Build.0 = Release|x64
		{9CB4BB8A-4463-4130-8A68-9D6CA20F2AA4}.win32_dll_vc90_release|Win32.ActiveCfg = Release|x64
		{9CB4BB8A-4463-4130-8A68-9D6CA20F2AA4}.win32_dll_vc90_release|x64.ActiveCfg = Release|x64
		{9CB4BB8A-4463-4130-8A68-9D6CA20F2AA4}.win32_dll_vc90_release|x64.Build.0 = Release|x64
		{9CB4BB8A-4463-4130-8A68-9D6CA20F2AA4}.win32_static_vc90_md_debug|Win32.ActiveCfg = Release|x64
		{9CB4BB8A-4463-4130-8A68-9D6CA20F2AA4}.win32_static_vc90_md_debug|x64.ActiveCfg = Release|x64
		{9CB4BB8A-4463-4130-8A68-9D6CA20F2AA4}.win32_static_vc90_md_debug|x64.Build.0 = Release|x64
		{9CB4BB8A-4463-4130-8A68-9D6CA20F2AA4}.win32_static_vc90_md_release|Win32.ActiveCfg = Release|x64
		{9CB4BB8A-4463-4130-8A68-9D6CA20F2AA4}.win32_static_vc90_md_release|x64.ActiveCfg = Release|x64
		{9CB4BB8A-4463-4130-8A68-9D6CA20F2AA4}.win32_static_vc90_md_release|x64.Build.0 = Release|x64
		{9CB4BB8A-4463-4130-8A68-9D6CA20F2AA4}.win32_static_vc90_mt_debug|Win32.ActiveCfg = Release|x64
		{9CB4BB8A-4463-4130-8A68-9D6CA20F2AA4}.win32_static_vc90_mt_debug|x64.ActiveCfg = Release|x64
		{9CB4BB8A-4463-4130-8A68-9D6CA20F2AA4}.win32_static_vc90_mt_debug|x64.Build.0 = Release|x64
		{9CB4BB8A-4463-4130-8A68-9D6CA20F2AA4}.win32_static_vc90_mt_release|Win32.ActiveCfg = Release|x64
		{9CB4BB8A-4463-4130-8A68-9D6CA20F2AA4}.win32_static_vc90_mt_release|x64.ActiveCfg = Release|x64
		{9CB4BB8A-4463-4130-8A68-9D6CA20F2AA4}.win32_static_vc90_mt_release|x64.Build.0 = Release|x64
		{A0CF91D0-1635-4062-80B7-B9AB9BB4AA98}.Debug|Win32.ActiveCfg = Debug|Win32
		{A0CF91D0-1635-4062-80B7-B9AB9BB4AA98}.Debug|Win32.Build.0 = Debug|Win32
		{A0CF91D0-1635-4062-80B7-B9AB9BB4AA98}.Debug|x64.ActiveCfg = Debug|x64
		{A0CF91D0-1635-4062-80B7-B9AB9BB4AA98}.Debug|x64.Build.0 = Debug|x64
		{A0CF91D0-1635-4062-80B7-B9AB9BB4AA98}.MinSizeRel|Win32.ActiveCfg = Release|x64
		{A0CF91D0-1635-4062-80B7-B9AB9BB4AA98}.MinSizeRel|x64.ActiveCfg = Release|x64
		{A0CF91D0-1635-4062-80B7-B9AB9BB4AA98}.MinSizeRel|x64.Build.0 = Release|x64
		{A0CF91D0-1635-4062-80B7-B9AB9BB4AA98}.Release|Win32.ActiveCfg = Release|Win32
		{A0CF91D0-1635-4062-80B7-B9AB9BB4AA98}.Release|Win32.Build.0 = Release|Win32
		{A0CF91D0-1635-4062-80B7-B9AB9BB4AA98}.Release|x64.ActiveCfg = Release|x64
		{A0CF91D0-1635-4062-80B7-B9AB9BB4AA98}.Release|x64.Build.0 = Release|x64
		{A0CF91D0-1635-4062-80B7-B9AB9BB4AA98}.RelWithDebInfo|Win32.ActiveCfg = Release|x64
		{A0CF91D0-1635-4062-80B7-B9AB9BB4AA98}.RelWithDebInfo|x64.ActiveCfg = Release|x64
		{A0CF91D0-1635-4062-80B7-B9AB9BB4AA98}.RelWithDebInfo|x64.Build.0 = Release|x64
		{A0CF91D0-1635-4062-80B7-B9AB9BB4AA98}.win32_dll_vc90_debug|Win32.ActiveCfg = Release|x64
		{A0CF91D0-1635-4062-80B7-B9AB9BB4AA98}.win32_dll_vc90_debug|x64.ActiveCfg = Release|x64
		{A0CF91D0-1635-4062-80B7-B9AB9BB4AA98}.win32_dll_vc90_debug|x64.Build.0 = Release|x64
		{A0CF91D0-1635-4062-80B7-B9AB9BB4AA98}.win32_dll_vc90_release|Win32.ActiveCfg = Release|x64
		{A0CF91D0-1635-4062-80B7-B9AB9BB4AA98}.win32_dll_vc90_release|x64.ActiveCfg = Release|x64
		{A0CF91D0-1635-4062-80B7-B9AB9BB4AA98}.win32_dll_vc90_release|x64.Build.0 = Release|x64
		{A0CF91D0-1635-4062-80B7-B9AB9BB4AA98}.win32_static_vc90_md_debug|Win32.ActiveCfg = Release|x64
		{A0CF91D0-1635-4062-80B7-B9AB9BB4AA98}.win32_static_vc90_md_debug|x64.ActiveCfg = Release|x64
		{A0CF91D0-1635-4062-80B7-B9AB9BB4AA98}.win32_static_vc90_md_debug|x64.Build.0 = Release|x64
		{A0CF91D0-1635-4062-80B7-B9AB9BB4AA98}.win32_static_vc90_md_release|Win32.ActiveCfg = Release|x64
		{A0CF91D0-1635-4062-80B7-B9AB9BB4AA98}.win32_static_vc90_md_release|x64.ActiveCfg = Release|x64
		{A0CF91D0-1635-4062-80B7-B9AB9BB4AA98}.win32_static_vc90_md_release|x64.Build.0 = Release|x64
		{A0CF91D0-1635-4062-80B7-B9AB9BB4AA98}.win32_static_vc90_mt_debug|Win32.ActiveCfg = Release|x64
		{A0CF91D0-1635-4062-80B7-B9AB9BB4AA98}.win32_static_vc90_mt_debug|x64.ActiveCfg = Release|x64
		{A0CF91D0-1635-4062-80B7-B9AB9BB4AA98}.win32_static_vc90_mt_debug|x64.Build.0 = Release|x64
		{A0CF91D0-1635-4062-80B7-B9AB9BB4AA98}.win32_static_vc90_mt_release|Win32.ActiveCfg = Release|x64
		{A0CF91D0-1635-4062-80B7-B9AB9BB4AA98}.win32_static_vc90_mt_release|x64.ActiveCfg = Release|x64
		{A0CF91D0-1635-4062-80B7-B9AB9BB4AA98}.win32_static_vc90_mt_release|x64.Build.0 = Release|x64
		{AB923738-E090-4BD4-9992-F67BE17D72D3}.Debug|Win32.ActiveCfg = Debug|Win32
		{AB923738-E090-4BD4-9992-F67BE17D72D3}.Debug|Win32.Build.0 = Debug|Win32
		{AB923738-E090-4BD4-9992-F67BE17D72D3}.Debug|x64.ActiveCfg = Debug|x64
		{AB923738-E090-4BD4-9992-F67BE17D72D3}.Debug|x64.Build.0 = Debug|x64
		{AB923738-E090-4BD4-9992-F67BE17D72D3}.MinSizeRel|Win32.ActiveCfg = Release|x64
		{AB923738-E090-4BD4-9992-F67BE17D72D3}.MinSizeRel|x64.ActiveCfg = Release|x64
		{AB923738-E090-4BD4-9992-F67BE17D72D3}.MinSizeRel|x64.Build.0 = Release|x64
		{AB923738-E090-4BD4-9992-F67BE17D72D3}.Release|Win32.ActiveCfg = Release|Win32
		{AB923738-E090-4BD4-9992-F67BE17D72D3}.Release|Win32.Build.0 = Release|Win32
		{AB923738-E090-4BD4-9992-F67BE17D72D3}.Release|x64.ActiveCfg = Release|x64
		{AB923738-E090-4BD4-9992-F67BE17D72D3}.Release|x64.Build.0 = Release|x64
		{AB923738-E090-4BD4-9992-F67BE17D72D3}.RelWithDebInfo|Win32.ActiveCfg = Release|x64
		{AB923738-E090-4BD4-9992-F67BE17D72D3}.RelWithDebInfo|x64.ActiveCfg = Release|x64
		{AB923738-E090-4BD4-9992-F67BE17D72D3}.RelWithDebInfo|x64.Build.0 = Release|x64
		{AB923738-E090-4BD4-9992-F67BE17D72D3}.win32_dll_vc90_debug|Win32.ActiveCfg = Release|x64
		{AB923738-E090-4BD4-9992-F67BE17D72D3}.win32_dll_vc90_debug|x64.ActiveCfg = Release|x64
		{AB923738-E090-4BD4-9992-F67BE17D72D3}.win32_dll_vc90_debug|x64.Build.0 = Release|x64
		{AB923738-E090-4BD4-9992-F67BE17D72D3}.win32_dll_vc90_release|Win32.ActiveCfg = Release|x64
		{AB923738-E090-4BD4-9992-F67BE17D72D3}.win32_dll_vc90_release|x64.ActiveCfg = Release|x64
		{AB923738-E090-4BD4-9992-F67BE17D72D3}.win32_dll_vc90_release|x64.Build.0 = Release|x64
		{AB923738-E090-4BD4-9992-F67BE17D72D3}.win32_static_vc90_md_debug|Win32.ActiveCfg = Release|x64
		{AB923738-E090-4BD4-9992-F67BE17D72D3}.win32_static_vc90_md_debug|x64.ActiveCfg = Release|x64
		{AB923738-E090-4BD4-9992-F67BE17D72D3}.win32_static_vc90_md_debug|x64.Build.0 = Release|x64
		{AB923738-E090-4BD4-9992-F67BE17D72D3}.win32_static_vc90_md_release|Win32.ActiveCfg = Release|x64
		{AB923738-E090-4BD4-9992-F67BE17D72D3}.win32_static_vc90_md_release|x64.ActiveCfg = Release|x64
		{AB923738-E090-4BD4-9992-F67BE17D72D3}.win32_static_vc90_md_release|x64.Build.0 = Release|x64
		{AB923738-E090-4BD4-9992-F67BE17D72D3}.win32_static_vc90_mt_debug|Win32.ActiveCfg = Release|x64
		{AB923738-E090-4BD4-9992-F67BE17D72D3}.win32_static_vc90_mt_debug|x64.ActiveCfg = Release|x64
		{AB923738-E090-4BD4-9992-F67BE17D72D3}.win32_static_vc90_mt_debug|x64.Build.0 = Release|x64
		{AB923738-E090-4BD4-9992-F67BE17D72D3}.win32_static_vc90_mt_release|Win32.ActiveCfg = Release|x64
		{AB923738-E090-4BD4-9992-F67BE17D72D3}.win32_static_vc90_mt_release|x64.ActiveCfg = Release|x64
		{AB923738-E090-4BD4-9992-F67BE17D72D3}.win32_static_vc90_mt_release|x64.Build.0 = Release|x64
		{59739FC9-D084-4B2E-BFEA-28D91A9BD3F8}.Debug|Win32.ActiveCfg = Debug|Win32
		{59739FC9-D084-4B2E-BFEA-28D91A9BD3F8}.Debug|Win32.Build.0 = Debug|Win32
		{59739FC9-D084-4B2E-BFEA-28D91A9BD3F8}.Debug|x64.ActiveCfg = Debug|Win32
		{59739FC9-D084-4B2E-BFEA-28D91A9BD3F8}.MinSizeRel|Win32.ActiveCfg = MinSizeRel|Win32
		{59739FC9-D084-4B2E-BFEA-28D91A9BD3F8}.MinSizeRel|Win32.Build.0 = MinSizeRel|Win32
		{59739FC9-D084-4B2E-BFEA-28D91A9BD3F8}.MinSizeRel|x64.ActiveCfg = MinSizeRel|Win32
		{59739FC9-D084-4B2E-BFEA-28D91A9BD3F8}.Release|Win32.ActiveCfg = Release|Win32
		{59739FC9-D084-4B2E-BFEA-28D91A9BD3F8}.Release|Win32.Build.0 = Release|Win32
		{59739FC9-D084-4B2E-BFEA-28D91A9BD3F8}.Release|x64.ActiveCfg = Release|Win32
		{59739FC9-D084-4B2E-BFEA-28D91A9BD3F8}.RelWithDebInfo|Win32.ActiveCfg = RelWithDebInfo|Win32
		{59739FC9-D084-4B2E-BFEA-28D91A9BD3F8}.RelWithDebInfo|Win32.Build.0 = RelWithDebInfo|Win32
		{59739FC9-D084-4B2E-BFEA-28D91A9BD3F8}.RelWithDebInfo|x64.ActiveCfg = RelWithDebInfo|Win32
		{59739FC9-D084-4B2E-BFEA-28D91A9BD3F8}.win32_dll_vc90_debug|Win32.ActiveCfg = RelWithDebInfo|Win32
		{59739FC9-D084-4B2E-BFEA-28D91A9BD3F8}.win32_dll_vc90_debug|Win32.Build.0 = RelWithDebInfo|Win32
		{59739FC9-D084-4B2E-BFEA-28D91A9BD3F8}.win32_dll_vc90_debug|x64.ActiveCfg = RelWithDebInfo|Win32
		{59739FC9-D084-4B2E-BFEA-28D91A9BD3F8}.win32_dll_vc90_release|Win32.ActiveCfg = RelWithDebInfo|Win32
		{59739FC9-D084-4B2E-BFEA-28D91A9BD3F8}.win32_dll_vc90_release|Win32.Build.0 = RelWithDebInfo|Win32
		{59739FC9-D084-4B2E-BFEA-28D91A9BD3F8}.win32_dll_vc90_release|x64.ActiveCfg = RelWithDebInfo|Win32
		{59739FC9-D084-4B2E-BFEA-28D91A9BD3F8}.win32_static_vc90_md_debug|Win32.ActiveCfg = RelWithDebInfo|Win32
		{59739FC9-D084-4B2E-BFEA-28D91A9BD3F8}.win32_static_vc90_md_debug|Win32.Build.0 = RelWithDebInfo|Win32
		{59739FC9-D084-4B2E-BFEA-28D91A9BD3F8}.win32_static_vc90_md_debug|x64.ActiveCfg = RelWithDebInfo|Win32
		{59739FC9-D084-4B2E-BFEA-28D91A9BD3F8}.win32_static_vc90_md_release|Win32.ActiveCfg = RelWithDebInfo|Win32
		{59739FC9-D084-4B2E-BFEA-28D91A9BD3F8}.win32_static_vc90_md_release|Win32.Build.0 = RelWithDebInfo|Win32
		{59739FC9-D084-4B2E-BFEA-28D91A9BD3F8}.win32_static_vc90_md_release|x64.ActiveCfg = RelWithDebInfo|Win32
		{59739FC9-D084-4B2E-BFEA-28D91A9BD3F8}.win32_static_vc90_mt_debug|Win32.ActiveCfg = RelWithDebInfo|Win32
		{59739FC9-D084-4B2E-BFEA-28D91A9BD3F8}.win32_static_vc90_mt_debug|Win32.Build.0 = RelWithDebInfo|Win32
		{59739FC9-D084-4B2E-BFEA-28D91A9BD3F8}.win32_static_vc90_mt_debug|x64.ActiveCfg = RelWithDebInfo|Win32
		{59739FC9-D084-4B2E-BFEA-28D91A9BD3F8}.win32_static_vc90_mt_release|Win32.ActiveCfg = RelWithDebInfo|Win32
		{59739FC9-D084-4B2E-BFEA-28D91A9BD3F8}.win32_static_vc90_mt_release|Win32.Build.0 = RelWithDebInfo|Win32
		{59739FC9-D084-4B2E-BFEA-28D91A9BD3F8}.win32_static_vc90_mt_release|x64.ActiveCfg = RelWithDebInfo|Win32
	EndGlobalSection
	GlobalSection(SolutionProperties) = preSolution
		HideSolutionNode = FALSE
	EndGlobalSection
	GlobalSection(NestedProjects) = preSolution
		{521F963B-CBDE-4F72-BBE7-29993DE08514} = {5CD0B986-62A9-4989-9F3F-9178529C23E3}
		{B801C4CB-C1C9-361C-B515-A0EB336C3451} = {5CD0B986-62A9-4989-9F3F-9178529C23E3}
		{5B96F2C5-88E8-40DA-9577-8678009BA7D0} = {5CD0B986-62A9-4989-9F3F-9178529C23E3}
		{23ECDBDD-10FE-40AB-8878-F5FB7761D76C} = {5CD0B986-62A9-4989-9F3F-9178529C23E3}
		{9CB4BB8A-4463-4130-8A68-9D6CA20F2AA4} = {5CD0B986-62A9-4989-9F3F-9178529C23E3}
		{59739FC9-D084-4B2E-BFEA-28D91A9BD3F8} = {5CD0B986-62A9-4989-9F3F-9178529C23E3}
		{25C3B1F5-84DE-314A-BD0D-E333A2B54E3D} = {4FF31B35-6CBA-47E5-9D52-9D16E23460F5}
		{35CA1F68-8B04-470D-8018-D6D838671536} = {8CF18E15-34CE-488E-8A04-A05FCA0B13C2}
		{EFE57272-621A-40FC-A0D8-1FB8E30AA65F} = {8CF18E15-34CE-488E-8A04-A05FCA0B13C2}
		{47788692-1459-4AF3-BDAC-517DDC5A11B3} = {8CF18E15-34CE-488E-8A04-A05FCA0B13C2}
		{A0CF91D0-1635-4062-80B7-B9AB9BB4AA98} = {8CF18E15-34CE-488E-8A04-A05FCA0B13C2}
		{AB923738-E090-4BD4-9992-F67BE17D72D3} = {8CF18E15-34CE-488E-8A04-A05FCA0B13C2}
	EndGlobalSection
	GlobalSection(ExtensibilityGlobals) = postSolution
		QtVersion = $(DefaultQtVersion)
	EndGlobalSection
EndGlobal
