Microsoft Visual Studio Solution File, Format Version 11.00
# Visual Studio 2010
Project("{8BC9CEB8-8B4A-11D0-8D11-00A0C91BC942}") = "Framework", "Framework\Framework.vcxproj", "{0F4D8DE6-3308-3116-9970-D42A5B37A4F8}"
	ProjectSection(ProjectDependencies) = postProject
		{141A8CA6-A88A-3758-9390-3B3A51055830} = {141A8CA6-A88A-3758-9390-3B3A51055830}
	EndProjectSection
EndProject
Project("{8BC9CEB8-8B4A-11D0-8D11-00A0C91BC942}") = "Utils", "Utils\Utils.vcxproj", "{A2A89363-2F1F-353C-A0EC-B1A76B7292C0}"
EndProject
Project("{8BC9CEB8-8B4A-11D0-8D11-00A0C91BC942}") = "DarkKnight", "DarkKnight\DarkKnight.vcxproj", "{DB0F5E56-58A0-39D8-A882-4F6570E179A7}"
	ProjectSection(ProjectDependencies) = postProject
		{521F963B-CBDE-4F72-BBE7-29993DE08514} = {521F963B-CBDE-4F72-BBE7-29993DE08514}
		{A2A89363-2F1F-353C-A0EC-B1A76B7292C0} = {A2A89363-2F1F-353C-A0EC-B1A76B7292C0}
		{9BC91F71-481D-31FB-980B-06839AC7D171} = {9BC91F71-481D-31FB-980B-06839AC7D171}
		{EDF6FC81-C940-3D32-9E17-608421EBA4F3} = {EDF6FC81-C940-3D32-9E17-608421EBA4F3}
		{9CB4BB8A-4463-4130-8A68-9D6CA20F2AA4} = {9CB4BB8A-4463-4130-8A68-9D6CA20F2AA4}
		{141A8CA6-A88A-3758-9390-3B3A51055830} = {141A8CA6-A88A-3758-9390-3B3A51055830}
		{23ECDBDD-10FE-40AB-8878-F5FB7761D76C} = {23ECDBDD-10FE-40AB-8878-F5FB7761D76C}
		{0F4D8DE6-3308-3116-9970-D42A5B37A4F8} = {0F4D8DE6-3308-3116-9970-D42A5B37A4F8}
		{6DC64CFF-E528-337E-929D-BAD910D49395} = {6DC64CFF-E528-337E-929D-BAD910D49395}
	EndProjectSection
EndProject
Project("{8BC9CEB8-8B4A-11D0-8D11-00A0C91BC942}") = "TestStore", "DataStores\TestStore\TestStore.vcxproj", "{EDF6FC81-C940-3D32-9E17-608421EBA4F3}"
	ProjectSection(ProjectDependencies) = postProject
		{141A8CA6-A88A-3758-9390-3B3A51055830} = {141A8CA6-A88A-3758-9390-3B3A51055830}
		{0F4D8DE6-3308-3116-9970-D42A5B37A4F8} = {0F4D8DE6-3308-3116-9970-D42A5B37A4F8}
	EndProjectSection
EndProject
Project("{8BC9CEB8-8B4A-11D0-8D11-00A0C91BC942}") = "FilesystemPlugin", "DataStores\FilesystemStore\FilesystemPlugin.vcxproj", "{9BC91F71-481D-31FB-980B-06839AC7D171}"
	ProjectSection(ProjectDependencies) = postProject
		{521F963B-CBDE-4F72-BBE7-29993DE08514} = {521F963B-CBDE-4F72-BBE7-29993DE08514}
		{141A8CA6-A88A-3758-9390-3B3A51055830} = {141A8CA6-A88A-3758-9390-3B3A51055830}
		{23ECDBDD-10FE-40AB-8878-F5FB7761D76C} = {23ECDBDD-10FE-40AB-8878-F5FB7761D76C}
		{0F4D8DE6-3308-3116-9970-D42A5B37A4F8} = {0F4D8DE6-3308-3116-9970-D42A5B37A4F8}
	EndProjectSection
EndProject
Project("{8BC9CEB8-8B4A-11D0-8D11-00A0C91BC942}") = "Interfaces", "Interfaces\Interfaces.vcxproj", "{141A8CA6-A88A-3758-9390-3B3A51055830}"
EndProject
Project("{8BC9CEB8-8B4A-11D0-8D11-00A0C91BC942}") = "Widgets", "Widgets\Widgets.vcxproj", "{6DC64CFF-E528-337E-929D-BAD910D49395}"
EndProject
Project("{2150E333-8FDC-42A3-9474-1A3956D46DE8}") = "3rdparty", "3rdparty", "{5CD0B986-62A9-4989-9F3F-9178529C23E3}"
EndProject
Project("{8BC9CEB8-8B4A-11D0-8D11-00A0C91BC942}") = "cgsql", "3rdparty\cgsql\cgsql.vcxproj", "{9CB4BB8A-4463-4130-8A68-9D6CA20F2AA4}"
EndProject
Project("{8BC9CEB8-8B4A-11D0-8D11-00A0C91BC942}") = "libchessengine", "3rdparty\libchessengine\libchessengine.vcxproj", "{521F963B-CBDE-4F72-BBE7-29993DE08514}"
	ProjectSection(ProjectDependencies) = postProject
		{23ECDBDD-10FE-40AB-8878-F5FB7761D76C} = {23ECDBDD-10FE-40AB-8878-F5FB7761D76C}
	EndProjectSection
EndProject
Project("{8BC9CEB8-8B4A-11D0-8D11-00A0C91BC942}") = "libpgnm", "3rdparty\libchessengine\3rdparty\libpgnm\libpgnm.vcxproj", "{23ECDBDD-10FE-40AB-8878-F5FB7761D76C}"
EndProject
Global
	GlobalSection(SolutionConfigurationPlatforms) = preSolution
		Debug|Win32 = Debug|Win32
		Release|Win32 = Release|Win32
	EndGlobalSection
	GlobalSection(ProjectConfigurationPlatforms) = postSolution
		{0F4D8DE6-3308-3116-9970-D42A5B37A4F8}.Debug|Win32.ActiveCfg = Debug|x64
		{0F4D8DE6-3308-3116-9970-D42A5B37A4F8}.Debug|Win32.Build.0 = Debug|x64
		{0F4D8DE6-3308-3116-9970-D42A5B37A4F8}.Release|Win32.ActiveCfg = Release|x64
		{0F4D8DE6-3308-3116-9970-D42A5B37A4F8}.Release|Win32.Build.0 = Release|x64
		{A2A89363-2F1F-353C-A0EC-B1A76B7292C0}.Debug|Win32.ActiveCfg = Debug|x64
		{A2A89363-2F1F-353C-A0EC-B1A76B7292C0}.Debug|Win32.Build.0 = Debug|x64
		{A2A89363-2F1F-353C-A0EC-B1A76B7292C0}.Release|Win32.ActiveCfg = Release|x64
		{A2A89363-2F1F-353C-A0EC-B1A76B7292C0}.Release|Win32.Build.0 = Release|x64
		{DB0F5E56-58A0-39D8-A882-4F6570E179A7}.Debug|Win32.ActiveCfg = Debug|x64
		{DB0F5E56-58A0-39D8-A882-4F6570E179A7}.Debug|Win32.Build.0 = Debug|x64
		{DB0F5E56-58A0-39D8-A882-4F6570E179A7}.Release|Win32.ActiveCfg = Release|x64
		{DB0F5E56-58A0-39D8-A882-4F6570E179A7}.Release|Win32.Build.0 = Release|x64
		{EDF6FC81-C940-3D32-9E17-608421EBA4F3}.Debug|Win32.ActiveCfg = Debug|x64
		{EDF6FC81-C940-3D32-9E17-608421EBA4F3}.Debug|Win32.Build.0 = Debug|x64
		{EDF6FC81-C940-3D32-9E17-608421EBA4F3}.Release|Win32.ActiveCfg = Release|x64
		{EDF6FC81-C940-3D32-9E17-608421EBA4F3}.Release|Win32.Build.0 = Release|x64
		{9BC91F71-481D-31FB-980B-06839AC7D171}.Debug|Win32.ActiveCfg = Debug|x64
		{9BC91F71-481D-31FB-980B-06839AC7D171}.Debug|Win32.Build.0 = Debug|x64
		{9BC91F71-481D-31FB-980B-06839AC7D171}.Release|Win32.ActiveCfg = Release|x64
		{9BC91F71-481D-31FB-980B-06839AC7D171}.Release|Win32.Build.0 = Release|x64
		{141A8CA6-A88A-3758-9390-3B3A51055830}.Debug|Win32.ActiveCfg = Debug|x64
		{141A8CA6-A88A-3758-9390-3B3A51055830}.Debug|Win32.Build.0 = Debug|x64
		{141A8CA6-A88A-3758-9390-3B3A51055830}.Release|Win32.ActiveCfg = Release|x64
		{141A8CA6-A88A-3758-9390-3B3A51055830}.Release|Win32.Build.0 = Release|x64
		{6DC64CFF-E528-337E-929D-BAD910D49395}.Debug|Win32.ActiveCfg = Debug|x64
		{6DC64CFF-E528-337E-929D-BAD910D49395}.Debug|Win32.Build.0 = Debug|x64
		{6DC64CFF-E528-337E-929D-BAD910D49395}.Release|Win32.ActiveCfg = Release|x64
		{6DC64CFF-E528-337E-929D-BAD910D49395}.Release|Win32.Build.0 = Release|x64
		{9CB4BB8A-4463-4130-8A68-9D6CA20F2AA4}.Debug|Win32.ActiveCfg = Debug|Win32
		{9CB4BB8A-4463-4130-8A68-9D6CA20F2AA4}.Debug|Win32.Build.0 = Debug|Win32
		{9CB4BB8A-4463-4130-8A68-9D6CA20F2AA4}.Release|Win32.ActiveCfg = Release|Win32
		{9CB4BB8A-4463-4130-8A68-9D6CA20F2AA4}.Release|Win32.Build.0 = Release|Win32
		{521F963B-CBDE-4F72-BBE7-29993DE08514}.Debug|Win32.ActiveCfg = Debug|Win32
		{521F963B-CBDE-4F72-BBE7-29993DE08514}.Debug|Win32.Build.0 = Debug|Win32
		{521F963B-CBDE-4F72-BBE7-29993DE08514}.Release|Win32.ActiveCfg = Release|Win32
		{521F963B-CBDE-4F72-BBE7-29993DE08514}.Release|Win32.Build.0 = Release|Win32
		{23ECDBDD-10FE-40AB-8878-F5FB7761D76C}.Debug|Win32.ActiveCfg = Debug|Win32
		{23ECDBDD-10FE-40AB-8878-F5FB7761D76C}.Debug|Win32.Build.0 = Debug|Win32
		{23ECDBDD-10FE-40AB-8878-F5FB7761D76C}.Release|Win32.ActiveCfg = Release|Win32
		{23ECDBDD-10FE-40AB-8878-F5FB7761D76C}.Release|Win32.Build.0 = Release|Win32
	EndGlobalSection
	GlobalSection(SolutionProperties) = preSolution
		HideSolutionNode = FALSE
	EndGlobalSection
	GlobalSection(NestedProjects) = preSolution
		{9CB4BB8A-4463-4130-8A68-9D6CA20F2AA4} = {5CD0B986-62A9-4989-9F3F-9178529C23E3}
		{521F963B-CBDE-4F72-BBE7-29993DE08514} = {5CD0B986-62A9-4989-9F3F-9178529C23E3}
		{23ECDBDD-10FE-40AB-8878-F5FB7761D76C} = {5CD0B986-62A9-4989-9F3F-9178529C23E3}
	EndGlobalSection
	GlobalSection(ExtensibilityGlobals) = postSolution
		QtVersion = 4.7.2
	EndGlobalSection
EndGlobal
